<?xml version="1.0" encoding="utf-8"?>
<Project xmlns="http://schemas.microsoft.com/developer/msbuild/2003" ToolsVersion="4.0">
  <ItemGroup>
    <Filter Include="Source Files">
      <UniqueIdentifier>{78120e3d-d0ab-4f9e-8a3a-c5e6c5ed0b2c}</UniqueIdentifier>
    </Filter>
    <Filter Include="Source Files\Plugin">
      <UniqueIdentifier>{29e08cac-b659-428b-bf02-c70f84b41ddf}</UniqueIdentifier>
    </Filter>
    <Filter Include="Header Files">
      <UniqueIdentifier>{7b823eb7-8f35-4529-a4c1-555b53468c58}</UniqueIdentifier>
    </Filter>
    <Filter Include="Resource Files">
      <UniqueIdentifier>{4da94837-4922-4930-b2ec-472d16090ed6}</UniqueIdentifier>
    </Filter>
    <Filter Include="SOAP source">
      <UniqueIdentifier>{2c37526c-f0b9-4a49-9b67-71e139cbb7aa}</UniqueIdentifier>
    </Filter>
  </ItemGroup>
  <ItemGroup>
    <ClCompile Include="C:\SDKs\adobe_indesign_CC2024\source\sdksamples\common\SDKPlugInEntrypoint.cpp">
      <Filter>Source Files\Plugin</Filter>
    </ClCompile>
    <ClCompile Include="C:\SDKs\adobe_indesign_CC2024\source\public\libs\publiclib\statics\PlugInStatics.cpp">
      <Filter>Source Files\Plugin</Filter>
    </ClCompile>
    <ClCompile Include="C:\SDKs\adobe_indesign_CC2024\source\precomp\msvc\VCPlugInHeaders.cpp">
      <Filter>Source Files\Plugin</Filter>
    </ClCompile>
    <ClCompile Include="..\..\..\SoapXPubWin\soapC.cpp">
      <Filter>SOAP source</Filter>
    </ClCompile>
    <ClCompile Include="..\..\..\SoapXPubWin\soapClient.cpp">
      <Filter>SOAP source</Filter>
    </ClCompile>
    <ClCompile Include="..\..\..\SoapXPubWin\stdsoap2.cpp">
      <Filter>SOAP source</Filter>
    </ClCompile>
    <ClCompile Include="source\TriggerResourceDeps.cpp">
      <Filter>Source Files\Plugin</Filter>
    </ClCompile>
    <ClCompile Include="source\XPBOID.cpp">
      <Filter>Source Files\Plugin</Filter>
    </ClCompile>
    <ClCompile Include="source\XPBONoStrip.cpp">
      <Filter>Source Files\Plugin</Filter>
    </ClCompile>
    <ClCompile Include="source\XPubConnexion.cpp">
      <Filter>Source Files\Plugin</Filter>
    </ClCompile>
  </ItemGroup>
  <ItemGroup>
    <ClInclude Include="..\..\..\SoapXPubWin\soapH.h">
      <Filter>SOAP source</Filter>
    </ClInclude>
    <ClInclude Include="..\..\..\SoapXPubWin\soapStub.h">
      <Filter>SOAP source</Filter>
    </ClInclude>
    <ClInclude Include="..\..\..\SoapXPubWin\stdsoap2.h">
      <Filter>SOAP source</Filter>
    </ClInclude>
    <ClInclude Include="..\..\..\SoapXPubWin\XPubWS.h">
      <Filter>SOAP source</Filter>
    </ClInclude>
    <ClInclude Include="source\IXPubConnexion.h">
      <Filter>Source Files\Plugin</Filter>
    </ClInclude>
    <ClInclude Include="source\XPBOID.h">
      <Filter>Source Files\Plugin</Filter>
    </ClInclude>
    <ClInclude Include="source\XPBOFactoryList.h">
      <Filter>Header Files</Filter>
    </ClInclude>
  </ItemGroup>
  <ItemGroup>
    <CustomBuild Include="source\XPubConnection.fr">
      <Filter>Resource Files</Filter>
    </CustomBuild>
  </ItemGroup>
  <ItemGroup>
    <None Include="source\XPubConnection_enUS.fr">
      <Filter>Resource Files</Filter>
    </None>
  </ItemGroup>
</Project>