// !$*UTF8*$!
{
	archiveVersion = 1;
	classes = {
	};
	objectVersion = 54;
	objects = {

/* Begin PBXBuildFile section */
		8F4CF5232733F49C0092F06C /* ICUData.framework in Frameworks */ = {isa = PBXBuildFile; fileRef = 8F4CF5202733F49C0092F06C /* ICUData.framework */; };
		8F4CF5242733F49C0092F06C /* ICUInternationalization.framework in Frameworks */ = {isa = PBXBuildFile; fileRef = 8F4CF5212733F49C0092F06C /* ICUInternationalization.framework */; };
		8F4CF5252733F49C0092F06C /* ICUConverter.framework in Frameworks */ = {isa = PBXBuildFile; fileRef = 8F4CF5222733F49C0092F06C /* ICUConverter.framework */; };
		8F63CBD62732D3B3001F08A6 /* SDKFileHelper.cpp in Sources */ = {isa = PBXBuildFile; fileRef = 8F63CBD32732D3B3001F08A6 /* SDKFileHelper.cpp */; };
		8F63CBD72732D3B3001F08A6 /* SDKLayoutHelper.cpp in Sources */ = {isa = PBXBuildFile; fileRef = 8F63CBD42732D3B3001F08A6 /* SDKLayoutHelper.cpp */; };
		8F63CBD82732D3B3001F08A6 /* SDKPlugInEntrypoint.cpp in Sources */ = {isa = PBXBuildFile; fileRef = 8F63CBD52732D3B3001F08A6 /* SDKPlugInEntrypoint.cpp */; };
		8F63CC002732D615001F08A6 /* InDesignModelAndUI.framework in Frameworks */ = {isa = PBXBuildFile; fileRef = 8F63CBFF2732D615001F08A6 /* InDesignModelAndUI.framework */; };
		8F63CC0A2732D656001F08A6 /* libPublicPlugIn.a in Frameworks */ = {isa = PBXBuildFile; fileRef = 8F63CC092732D656001F08A6 /* libPublicPlugIn.a */; };
		8F63CC302732D78A001F08A6 /* PMUActionComponent.cpp in Sources */ = {isa = PBXBuildFile; fileRef = 8F63CC2F2732D78A001F08A6 /* PMUActionComponent.cpp */; };
		8F63CC342732D79A001F08A6 /* PMUID.cpp in Sources */ = {isa = PBXBuildFile; fileRef = 8F63CC312732D79A001F08A6 /* PMUID.cpp */; };
		8F63CC352732D79A001F08A6 /* PMUNoStrip.cpp in Sources */ = {isa = PBXBuildFile; fileRef = 8F63CC322732D79A001F08A6 /* PMUNoStrip.cpp */; };
		8F63CC372732D7A7001F08A6 /* PMU.fr in Resources */ = {isa = PBXBuildFile; fileRef = 8F63CC362732D7A7001F08A6 /* PMU.fr */; };
		8F63CC392732D80A001F08A6 /* ICUUnicode.framework in Frameworks */ = {isa = PBXBuildFile; fileRef = 8F63CC382732D80A001F08A6 /* ICUUnicode.framework */; };
		8F63CC3B2732D813001F08A6 /* boost_regex.framework in Frameworks */ = {isa = PBXBuildFile; fileRef = 8F63CC3A2732D813001F08A6 /* boost_regex.framework */; };
		A73262C01BBC104C00A4FA23 /* PMUDialogController.cpp in Sources */ = {isa = PBXBuildFile; fileRef = A73262AE1BBC104C00A4FA23 /* PMUDialogController.cpp */; };
		A73262C21BBC104C00A4FA23 /* PMUDialogObserver.cpp in Sources */ = {isa = PBXBuildFile; fileRef = A73262AF1BBC104C00A4FA23 /* PMUDialogObserver.cpp */; };
		A73262C41BBC104C00A4FA23 /* PMUDocPathDialogController.cpp in Sources */ = {isa = PBXBuildFile; fileRef = A73262B01BBC104C00A4FA23 /* PMUDocPathDialogController.cpp */; };
		A73262C61BBC104C00A4FA23 /* PMUDocPathDialogObserver.cpp in Sources */ = {isa = PBXBuildFile; fileRef = A73262B11BBC104C00A4FA23 /* PMUDocPathDialogObserver.cpp */; };
		A73262C81BBC104C00A4FA23 /* PMUExportPrefsDialogController.cpp in Sources */ = {isa = PBXBuildFile; fileRef = A73262B21BBC104C00A4FA23 /* PMUExportPrefsDialogController.cpp */; };
		A73262CC1BBC104C00A4FA23 /* PMUImageSettingDialogController.cpp in Sources */ = {isa = PBXBuildFile; fileRef = A73262B51BBC104C00A4FA23 /* PMUImageSettingDialogController.cpp */; };
		A73262CE1BBC104C00A4FA23 /* PMUImageSettingDialogObserver.cpp in Sources */ = {isa = PBXBuildFile; fileRef = A73262B61BBC104C00A4FA23 /* PMUImageSettingDialogObserver.cpp */; };
		A73262D01BBC104C00A4FA23 /* PMUPanelWidgetObserver.cpp in Sources */ = {isa = PBXBuildFile; fileRef = A73262B71BBC104C00A4FA23 /* PMUPanelWidgetObserver.cpp */; };
		A73262D41BBC104C00A4FA23 /* PMUSetUpComposerPaletteCmd.cpp in Sources */ = {isa = PBXBuildFile; fileRef = A73262B91BBC104C00A4FA23 /* PMUSetUpComposerPaletteCmd.cpp */; };
		A73262D61BBC104C00A4FA23 /* PMUStartupShutdown.cpp in Sources */ = {isa = PBXBuildFile; fileRef = A73262BA1BBC104C00A4FA23 /* PMUStartupShutdown.cpp */; };
		A73262D81BBC104C00A4FA23 /* PMUTypeRefDialogController.cpp in Sources */ = {isa = PBXBuildFile; fileRef = A73262BB1BBC104C00A4FA23 /* PMUTypeRefDialogController.cpp */; };
		A73262DA1BBC104C00A4FA23 /* PMUUtils.cpp in Sources */ = {isa = PBXBuildFile; fileRef = A73262BC1BBC104C00A4FA23 /* PMUUtils.cpp */; };
		A73262DC1BBC104C00A4FA23 /* TriggerResourceDeps.cpp in Sources */ = {isa = PBXBuildFile; fileRef = A73262BE1BBC104C00A4FA23 /* TriggerResourceDeps.cpp */; };
		A73262EB1BBC178B00A4FA23 /* ExportUtils.cpp in Sources */ = {isa = PBXBuildFile; fileRef = A73262E81BBC178B00A4FA23 /* ExportUtils.cpp */; };
		A73262ED1BBC178B00A4FA23 /* PermRefsUtils.cpp in Sources */ = {isa = PBXBuildFile; fileRef = A73262E91BBC178B00A4FA23 /* PermRefsUtils.cpp */; };
/* End PBXBuildFile section */

/* Begin PBXBuildRule section */
		F957086F15C90B3E00C95573 /* PBXBuildRule */ = {
			isa = PBXBuildRule;
			compilerSpec = com.apple.compilers.proxy.script;
			filePatterns = "*.fr";
			fileType = pattern.proxy;
			inputFiles = (
			);
			isEditable = 1;
			outputFiles = (
				"$(REZ_COLLECTOR_DIR)/$(INPUT_FILE_NAME).rsrc",
			);
			script = "$ID_SDK_ROOT/devtools/bin/odfrc-cmd -d RELEASE $ODFRC_ADDITIONAL_FLAGS -o \"$REZ_COLLECTOR_DIR/$INPUT_FILE_NAME.rsrc\" \"$INPUT_FILE_PATH\"\n";
		};
/* End PBXBuildRule section */

/* Begin PBXFileReference section */
		77D687F4113861B500D56A9C /* PageMakeUpPlugin_release.xcconfig */ = {isa = PBXFileReference; fileEncoding = 4; lastKnownFileType = text.xcconfig; path = PageMakeUpPlugin_release.xcconfig; sourceTree = "<group>"; };
		7FE5845A08AD6DB8007DB654 /* PageMakeUpPlugin.xcconfig */ = {isa = PBXFileReference; fileEncoding = 30; lastKnownFileType = text.xcconfig; path = PageMakeUpPlugin.xcconfig; sourceTree = SOURCE_ROOT; };
		8F4CF5202733F49C0092F06C /* ICUData.framework */ = {isa = PBXFileReference; lastKnownFileType = wrapper.framework; name = ICUData.framework; path = ../../../../../../AdobeSDKs/Adobe_InDesign_CC2025_Products_SDK/build/mac/release_cocoa64/packagefolder/contents/Frameworks/ICUData.framework; sourceTree = "<group>"; };
		8F4CF5212733F49C0092F06C /* ICUInternationalization.framework */ = {isa = PBXFileReference; lastKnownFileType = wrapper.framework; name = ICUInternationalization.framework; path = ../../../../../../AdobeSDKs/Adobe_InDesign_CC2025_Products_SDK/build/mac/release_cocoa64/packagefolder/contents/Frameworks/ICUInternationalization.framework; sourceTree = "<group>"; };
		8F4CF5222733F49C0092F06C /* ICUConverter.framework */ = {isa = PBXFileReference; lastKnownFileType = wrapper.framework; name = ICUConverter.framework; path = ../../../../../../AdobeSDKs/Adobe_InDesign_CC2025_Products_SDK/build/mac/release_cocoa64/packagefolder/contents/Frameworks/ICUConverter.framework; sourceTree = "<group>"; };
		8F63CBD32732D3B3001F08A6 /* SDKFileHelper.cpp */ = {isa = PBXFileReference; fileEncoding = 4; lastKnownFileType = sourcecode.cpp.cpp; name = SDKFileHelper.cpp; path = ../../../../../../AdobeSDKs/Adobe_InDesign_CC2025_Products_SDK/source/sdksamples/common/SDKFileHelper.cpp; sourceTree = "<group>"; };
		8F63CBD42732D3B3001F08A6 /* SDKLayoutHelper.cpp */ = {isa = PBXFileReference; fileEncoding = 4; lastKnownFileType = sourcecode.cpp.cpp; name = SDKLayoutHelper.cpp; path = ../../../../../../AdobeSDKs/Adobe_InDesign_CC2025_Products_SDK/source/sdksamples/common/SDKLayoutHelper.cpp; sourceTree = "<group>"; };
		8F63CBD52732D3B3001F08A6 /* SDKPlugInEntrypoint.cpp */ = {isa = PBXFileReference; fileEncoding = 4; lastKnownFileType = sourcecode.cpp.cpp; name = SDKPlugInEntrypoint.cpp; path = ../../../../../../AdobeSDKs/Adobe_InDesign_CC2025_Products_SDK/source/sdksamples/common/SDKPlugInEntrypoint.cpp; sourceTree = "<group>"; };
		8F63CBFF2732D615001F08A6 /* InDesignModelAndUI.framework */ = {isa = PBXFileReference; lastKnownFileType = wrapper.framework; name = InDesignModelAndUI.framework; path = ../../../../../../AdobeSDKs/Adobe_InDesign_CC2025_Products_SDK/build/mac/release_cocoa64/packagefolder/contents/macos/InDesignModelAndUI.framework; sourceTree = "<group>"; };
		8F63CC092732D656001F08A6 /* libPublicPlugIn.a */ = {isa = PBXFileReference; lastKnownFileType = archive.ar; name = libPublicPlugIn.a; path = ../../../../../../AdobeSDKs/Adobe_InDesign_CC2025_Products_SDK/build/mac/release_cocoa64/packagefolder/contents/macos/libs/libPublicPlugIn.a; sourceTree = "<group>"; };
		8F63CC172732D6B7001F08A6 /* InDesignModelAndUI.framework */ = {isa = PBXFileReference; lastKnownFileType = wrapper.framework; name = InDesignModelAndUI.framework; path = ../../../../../../AdobeSDKs/Adobe_InDesign_CC2025_Products_SDK/build/mac/debug_cocoa64/packagefolder/contents/macos/InDesignModelAndUI.framework; sourceTree = "<group>"; };
		8F63CC192732D6BE001F08A6 /* libPublicPlugIn.a */ = {isa = PBXFileReference; lastKnownFileType = archive.ar; name = libPublicPlugIn.a; path = ../../../../../../AdobeSDKs/Adobe_InDesign_CC2025_Products_SDK/build/mac/debug_cocoa64/packagefolder/contents/macos/libs/libPublicPlugIn.a; sourceTree = "<group>"; };
		8F63CC2F2732D78A001F08A6 /* PMUActionComponent.cpp */ = {isa = PBXFileReference; fileEncoding = 4; lastKnownFileType = sourcecode.cpp.cpp; name = PMUActionComponent.cpp; path = source/PMUActionComponent.cpp; sourceTree = "<group>"; };
		8F63CC312732D79A001F08A6 /* PMUID.cpp */ = {isa = PBXFileReference; fileEncoding = 4; lastKnownFileType = sourcecode.cpp.cpp; name = PMUID.cpp; path = source/PMUID.cpp; sourceTree = "<group>"; };
		8F63CC322732D79A001F08A6 /* PMUNoStrip.cpp */ = {isa = PBXFileReference; fileEncoding = 4; lastKnownFileType = sourcecode.cpp.cpp; name = PMUNoStrip.cpp; path = source/PMUNoStrip.cpp; sourceTree = "<group>"; };
		8F63CC332732D79A001F08A6 /* PMUID.h */ = {isa = PBXFileReference; fileEncoding = 4; lastKnownFileType = sourcecode.c.h; name = PMUID.h; path = source/PMUID.h; sourceTree = "<group>"; };
		8F63CC362732D7A7001F08A6 /* PMU.fr */ = {isa = PBXFileReference; fileEncoding = 4; lastKnownFileType = text; name = PMU.fr; path = source/PMU.fr; sourceTree = "<group>"; };
		8F63CC382732D80A001F08A6 /* ICUUnicode.framework */ = {isa = PBXFileReference; lastKnownFileType = wrapper.framework; name = ICUUnicode.framework; path = ../../../../../../AdobeSDKs/Adobe_InDesign_CC2025_Products_SDK/build/mac/release_cocoa64/packagefolder/contents/Frameworks/ICUUnicode.framework; sourceTree = "<group>"; };
		8F63CC3A2732D813001F08A6 /* boost_regex.framework */ = {isa = PBXFileReference; lastKnownFileType = wrapper.framework; name = boost_regex.framework; path = ../../../../../../AdobeSDKs/Adobe_InDesign_CC2025_Products_SDK/build/mac/release_cocoa64/packagefolder/contents/Frameworks/boost_regex.framework; sourceTree = "<group>"; };
		8F63CC502732DA5C001F08A6 /* Info.plist */ = {isa = PBXFileReference; fileEncoding = 4; lastKnownFileType = text.plist.xml; name = Info.plist; path = ../../../../../../AdobeSDKs/Adobe_InDesign_CC2025_Products_SDK/source/sdksamples/common/Info.plist; sourceTree = "<group>"; };
		A73262AE1BBC104C00A4FA23 /* PMUDialogController.cpp */ = {isa = PBXFileReference; fileEncoding = 4; lastKnownFileType = sourcecode.cpp.cpp; name = PMUDialogController.cpp; path = source/PMUDialogController.cpp; sourceTree = "<group>"; };
		A73262AF1BBC104C00A4FA23 /* PMUDialogObserver.cpp */ = {isa = PBXFileReference; fileEncoding = 4; lastKnownFileType = sourcecode.cpp.cpp; name = PMUDialogObserver.cpp; path = source/PMUDialogObserver.cpp; sourceTree = "<group>"; };
		A73262B01BBC104C00A4FA23 /* PMUDocPathDialogController.cpp */ = {isa = PBXFileReference; fileEncoding = 4; lastKnownFileType = sourcecode.cpp.cpp; name = PMUDocPathDialogController.cpp; path = source/PMUDocPathDialogController.cpp; sourceTree = "<group>"; };
		A73262B11BBC104C00A4FA23 /* PMUDocPathDialogObserver.cpp */ = {isa = PBXFileReference; fileEncoding = 4; lastKnownFileType = sourcecode.cpp.cpp; name = PMUDocPathDialogObserver.cpp; path = source/PMUDocPathDialogObserver.cpp; sourceTree = "<group>"; };
		A73262B21BBC104C00A4FA23 /* PMUExportPrefsDialogController.cpp */ = {isa = PBXFileReference; fileEncoding = 4; lastKnownFileType = sourcecode.cpp.cpp; name = PMUExportPrefsDialogController.cpp; path = source/PMUExportPrefsDialogController.cpp; sourceTree = "<group>"; };
		A73262B31BBC104C00A4FA23 /* PMUFactoryList.h */ = {isa = PBXFileReference; fileEncoding = 4; lastKnownFileType = sourcecode.c.h; name = PMUFactoryList.h; path = source/PMUFactoryList.h; sourceTree = "<group>"; };
		A73262B51BBC104C00A4FA23 /* PMUImageSettingDialogController.cpp */ = {isa = PBXFileReference; fileEncoding = 4; lastKnownFileType = sourcecode.cpp.cpp; name = PMUImageSettingDialogController.cpp; path = source/PMUImageSettingDialogController.cpp; sourceTree = "<group>"; };
		A73262B61BBC104C00A4FA23 /* PMUImageSettingDialogObserver.cpp */ = {isa = PBXFileReference; fileEncoding = 4; lastKnownFileType = sourcecode.cpp.cpp; name = PMUImageSettingDialogObserver.cpp; path = source/PMUImageSettingDialogObserver.cpp; sourceTree = "<group>"; };
		A73262B71BBC104C00A4FA23 /* PMUPanelWidgetObserver.cpp */ = {isa = PBXFileReference; fileEncoding = 4; lastKnownFileType = sourcecode.cpp.cpp; name = PMUPanelWidgetObserver.cpp; path = source/PMUPanelWidgetObserver.cpp; sourceTree = "<group>"; };
		A73262B91BBC104C00A4FA23 /* PMUSetUpComposerPaletteCmd.cpp */ = {isa = PBXFileReference; fileEncoding = 4; lastKnownFileType = sourcecode.cpp.cpp; name = PMUSetUpComposerPaletteCmd.cpp; path = source/PMUSetUpComposerPaletteCmd.cpp; sourceTree = "<group>"; };
		A73262BA1BBC104C00A4FA23 /* PMUStartupShutdown.cpp */ = {isa = PBXFileReference; fileEncoding = 4; lastKnownFileType = sourcecode.cpp.cpp; name = PMUStartupShutdown.cpp; path = source/PMUStartupShutdown.cpp; sourceTree = "<group>"; };
		A73262BB1BBC104C00A4FA23 /* PMUTypeRefDialogController.cpp */ = {isa = PBXFileReference; fileEncoding = 4; lastKnownFileType = sourcecode.cpp.cpp; name = PMUTypeRefDialogController.cpp; path = source/PMUTypeRefDialogController.cpp; sourceTree = "<group>"; };
		A73262BC1BBC104C00A4FA23 /* PMUUtils.cpp */ = {isa = PBXFileReference; fileEncoding = 4; lastKnownFileType = sourcecode.cpp.cpp; name = PMUUtils.cpp; path = source/PMUUtils.cpp; sourceTree = "<group>"; };
		A73262BD1BBC104C00A4FA23 /* PMUUtils.h */ = {isa = PBXFileReference; fileEncoding = 4; lastKnownFileType = sourcecode.c.h; name = PMUUtils.h; path = source/PMUUtils.h; sourceTree = "<group>"; };
		A73262BE1BBC104C00A4FA23 /* TriggerResourceDeps.cpp */ = {isa = PBXFileReference; fileEncoding = 4; lastKnownFileType = sourcecode.cpp.cpp; name = TriggerResourceDeps.cpp; path = source/TriggerResourceDeps.cpp; sourceTree = "<group>"; };
		A73262E81BBC178B00A4FA23 /* ExportUtils.cpp */ = {isa = PBXFileReference; fileEncoding = 4; lastKnownFileType = sourcecode.cpp.cpp; name = ExportUtils.cpp; path = ../parser/source/ExportUtils.cpp; sourceTree = "<group>"; };
		A73262E91BBC178B00A4FA23 /* PermRefsUtils.cpp */ = {isa = PBXFileReference; fileEncoding = 4; lastKnownFileType = sourcecode.cpp.cpp; name = PermRefsUtils.cpp; path = ../parser/source/PermRefsUtils.cpp; sourceTree = "<group>"; };
		F957087215C90B3E00C95573 /* PageMakeUp.InDesignPlugin */ = {isa = PBXFileReference; explicitFileType = wrapper.framework; includeInIndex = 0; path = PageMakeUp.InDesignPlugin; sourceTree = BUILT_PRODUCTS_DIR; };
/* End PBXFileReference section */

/* Begin PBXFrameworksBuildPhase section */
		F957086B15C90B3E00C95573 /* Frameworks */ = {
			isa = PBXFrameworksBuildPhase;
			buildActionMask = 2147483647;
			files = (
				8F4CF5242733F49C0092F06C /* ICUInternationalization.framework in Frameworks */,
				8F63CC0A2732D656001F08A6 /* libPublicPlugIn.a in Frameworks */,
				8F63CC3B2732D813001F08A6 /* boost_regex.framework in Frameworks */,
				8F4CF5232733F49C0092F06C /* ICUData.framework in Frameworks */,
				8F4CF5252733F49C0092F06C /* ICUConverter.framework in Frameworks */,
				8F63CC392732D80A001F08A6 /* ICUUnicode.framework in Frameworks */,
				8F63CC002732D615001F08A6 /* InDesignModelAndUI.framework in Frameworks */,
			);
			runOnlyForDeploymentPostprocessing = 0;
		};
/* End PBXFrameworksBuildPhase section */

/* Begin PBXGroup section */
		4B05EEAD08840E8D00D809E1 = {
			isa = PBXGroup;
			children = (
				4B05EEC708840E8D00D809E1 /* Source */,
				4B05EED008840E9400D809E1 /* Resources */,
				7F52248408AFCE1F00139994 /* xcconfig */,
				F957084215C90B2D00C95573 /* InDesign Libraries */,
				4B05EEBB08840E8D00D809E1 /* Products */,
				8F63CC502732DA5C001F08A6 /* Info.plist */,
			);
			sourceTree = "<group>";
		};
		4B05EEBB08840E8D00D809E1 /* Products */ = {
			isa = PBXGroup;
			children = (
				F957087215C90B3E00C95573 /* PageMakeUp.InDesignPlugin */,
			);
			name = Products;
			sourceTree = "<group>";
		};
		4B05EEC708840E8D00D809E1 /* Source */ = {
			isa = PBXGroup;
			children = (
				8F63CC2F2732D78A001F08A6 /* PMUActionComponent.cpp */,
				A73262AE1BBC104C00A4FA23 /* PMUDialogController.cpp */,
				A73262AF1BBC104C00A4FA23 /* PMUDialogObserver.cpp */,
				A73262B01BBC104C00A4FA23 /* PMUDocPathDialogController.cpp */,
				A73262B11BBC104C00A4FA23 /* PMUDocPathDialogObserver.cpp */,
				A73262B21BBC104C00A4FA23 /* PMUExportPrefsDialogController.cpp */,
				A73262B31BBC104C00A4FA23 /* PMUFactoryList.h */,
				A73262B51BBC104C00A4FA23 /* PMUImageSettingDialogController.cpp */,
				A73262B61BBC104C00A4FA23 /* PMUImageSettingDialogObserver.cpp */,
				A73262B71BBC104C00A4FA23 /* PMUPanelWidgetObserver.cpp */,
				A73262B91BBC104C00A4FA23 /* PMUSetUpComposerPaletteCmd.cpp */,
				A73262BA1BBC104C00A4FA23 /* PMUStartupShutdown.cpp */,
				A73262BB1BBC104C00A4FA23 /* PMUTypeRefDialogController.cpp */,
				A73262BC1BBC104C00A4FA23 /* PMUUtils.cpp */,
				A73262BD1BBC104C00A4FA23 /* PMUUtils.h */,
				A73262BE1BBC104C00A4FA23 /* TriggerResourceDeps.cpp */,
				4B05EECB08840E9100D809E1 /* Plugin */,
			);
			name = Source;
			sourceTree = "<group>";
		};
		4B05EECB08840E9100D809E1 /* Plugin */ = {
			isa = PBXGroup;
			children = (
				8F63CBD32732D3B3001F08A6 /* SDKFileHelper.cpp */,
				8F63CBD42732D3B3001F08A6 /* SDKLayoutHelper.cpp */,
				8F63CBD52732D3B3001F08A6 /* SDKPlugInEntrypoint.cpp */,
				A73262E81BBC178B00A4FA23 /* ExportUtils.cpp */,
				A73262E91BBC178B00A4FA23 /* PermRefsUtils.cpp */,
				8F63CC312732D79A001F08A6 /* PMUID.cpp */,
				8F63CC332732D79A001F08A6 /* PMUID.h */,
				8F63CC322732D79A001F08A6 /* PMUNoStrip.cpp */,
			);
			name = Plugin;
			sourceTree = "<group>";
		};
		4B05EED008840E9400D809E1 /* Resources */ = {
			isa = PBXGroup;
			children = (
				8F63CC362732D7A7001F08A6 /* PMU.fr */,
			);
			name = Resources;
			sourceTree = "<group>";
		};
		7F52248408AFCE1F00139994 /* xcconfig */ = {
			isa = PBXGroup;
			children = (
				7FE5845A08AD6DB8007DB654 /* PageMakeUpPlugin.xcconfig */,
				77D687F4113861B500D56A9C /* PageMakeUpPlugin_release.xcconfig */,
			);
			name = xcconfig;
			sourceTree = "<group>";
		};
		F957084215C90B2D00C95573 /* InDesign Libraries */ = {
			isa = PBXGroup;
			children = (
				F957084915C90B2D00C95573 /* For Cocoa64 */,
			);
			name = "InDesign Libraries";
			sourceTree = "<group>";
		};
		F957084915C90B2D00C95573 /* For Cocoa64 */ = {
			isa = PBXGroup;
			children = (
				8F63CBFF2732D615001F08A6 /* InDesignModelAndUI.framework */,
				8F63CC092732D656001F08A6 /* libPublicPlugIn.a */,
				8F63CC3A2732D813001F08A6 /* boost_regex.framework */,
				8F63CC382732D80A001F08A6 /* ICUUnicode.framework */,
				8F4CF5222733F49C0092F06C /* ICUConverter.framework */,
				8F4CF5202733F49C0092F06C /* ICUData.framework */,
				8F4CF5212733F49C0092F06C /* ICUInternationalization.framework */,
				F957084A15C90B2D00C95573 /* Debug */,
			);
			name = "For Cocoa64";
			sourceTree = "<group>";
		};
		F957084A15C90B2D00C95573 /* Debug */ = {
			isa = PBXGroup;
			children = (
				8F63CC172732D6B7001F08A6 /* InDesignModelAndUI.framework */,
				8F63CC192732D6BE001F08A6 /* libPublicPlugIn.a */,
			);
			name = Debug;
			sourceTree = "<group>";
		};
/* End PBXGroup section */

/* Begin PBXNativeTarget section */
		F957086215C90B3E00C95573 /* Release_Cocoa64 */ = {
			isa = PBXNativeTarget;
			buildConfigurationList = F957087015C90B3E00C95573 /* Build configuration list for PBXNativeTarget "Release_Cocoa64" */;
			buildPhases = (
				F957086315C90B3E00C95573 /* Sources */,
				F957086B15C90B3E00C95573 /* Frameworks */,
				F957086C15C90B3E00C95573 /* Rez */,
				F957086D15C90B3E00C95573 /* Resources */,
				F957086E15C90B3E00C95573 /* ShellScript */,
			);
			buildRules = (
				F957086F15C90B3E00C95573 /* PBXBuildRule */,
			);
			dependencies = (
			);
			name = Release_Cocoa64;
			productName = Release;
			productReference = F957087215C90B3E00C95573 /* PageMakeUp.InDesignPlugin */;
			productType = "com.apple.product-type.framework";
		};
/* End PBXNativeTarget section */

/* Begin PBXProject section */
		4B05EEAF08840E8D00D809E1 /* Project object */ = {
			isa = PBXProject;
			attributes = {
				BuildIndependentTargetsInParallel = YES;
				LastUpgradeCheck = 1620;
				TargetAttributes = {
					F957086215C90B3E00C95573 = {
						ProvisioningStyle = Manual;
					};
				};
			};
			buildConfigurationList = 4B05EEB008840E8D00D809E1 /* Build configuration list for PBXProject "PageMakeUp" */;
			compatibilityVersion = "Xcode 3.2";
			developmentRegion = en;
			hasScannedForEncodings = 0;
			knownRegions = (
				ja,
				Base,
				en,
				fr,
				de,
			);
			mainGroup = 4B05EEAD08840E8D00D809E1;
			productRefGroup = 4B05EEBB08840E8D00D809E1 /* Products */;
			projectDirPath = "";
			projectRoot = "";
			targets = (
				F957086215C90B3E00C95573 /* Release_Cocoa64 */,
			);
		};
/* End PBXProject section */

/* Begin PBXResourcesBuildPhase section */
		F957086D15C90B3E00C95573 /* Resources */ = {
			isa = PBXResourcesBuildPhase;
			buildActionMask = 2147483647;
			files = (
				8F63CC372732D7A7001F08A6 /* PMU.fr in Resources */,
			);
			runOnlyForDeploymentPostprocessing = 0;
		};
/* End PBXResourcesBuildPhase section */

/* Begin PBXRezBuildPhase section */
		F957086C15C90B3E00C95573 /* Rez */ = {
			isa = PBXRezBuildPhase;
			buildActionMask = 2147483647;
			files = (
			);
			runOnlyForDeploymentPostprocessing = 0;
		};
/* End PBXRezBuildPhase section */

/* Begin PBXShellScriptBuildPhase section */
		F957086E15C90B3E00C95573 /* ShellScript */ = {
			isa = PBXShellScriptBuildPhase;
			buildActionMask = 2147483647;
			files = (
			);
			inputPaths = (
			);
			outputPaths = (
			);
			runOnlyForDeploymentPostprocessing = 0;
			shellPath = /bin/sh;
			shellScript = "\"$ID_SDK_ROOT/build/mac/packagescripts/copyResources.sh\"";
			showEnvVarsInLog = 0;
		};
/* End PBXShellScriptBuildPhase section */

/* Begin PBXSourcesBuildPhase section */
		F957086315C90B3E00C95573 /* Sources */ = {
			isa = PBXSourcesBuildPhase;
			buildActionMask = 2147483647;
			files = (
				8F63CC352732D79A001F08A6 /* PMUNoStrip.cpp in Sources */,
				A73262DA1BBC104C00A4FA23 /* PMUUtils.cpp in Sources */,
				A73262C41BBC104C00A4FA23 /* PMUDocPathDialogController.cpp in Sources */,
				A73262C21BBC104C00A4FA23 /* PMUDialogObserver.cpp in Sources */,
				A73262C81BBC104C00A4FA23 /* PMUExportPrefsDialogController.cpp in Sources */,
				A73262EB1BBC178B00A4FA23 /* ExportUtils.cpp in Sources */,
				A73262D61BBC104C00A4FA23 /* PMUStartupShutdown.cpp in Sources */,
				8F63CBD82732D3B3001F08A6 /* SDKPlugInEntrypoint.cpp in Sources */,
				A73262CE1BBC104C00A4FA23 /* PMUImageSettingDialogObserver.cpp in Sources */,
				8F63CC342732D79A001F08A6 /* PMUID.cpp in Sources */,
				A73262D01BBC104C00A4FA23 /* PMUPanelWidgetObserver.cpp in Sources */,
				A73262D81BBC104C00A4FA23 /* PMUTypeRefDialogController.cpp in Sources */,
				8F63CBD62732D3B3001F08A6 /* SDKFileHelper.cpp in Sources */,
				A73262ED1BBC178B00A4FA23 /* PermRefsUtils.cpp in Sources */,
				A73262CC1BBC104C00A4FA23 /* PMUImageSettingDialogController.cpp in Sources */,
				A73262C01BBC104C00A4FA23 /* PMUDialogController.cpp in Sources */,
				8F63CBD72732D3B3001F08A6 /* SDKLayoutHelper.cpp in Sources */,
				8F63CC302732D78A001F08A6 /* PMUActionComponent.cpp in Sources */,
				A73262DC1BBC104C00A4FA23 /* TriggerResourceDeps.cpp in Sources */,
				A73262D41BBC104C00A4FA23 /* PMUSetUpComposerPaletteCmd.cpp in Sources */,
				A73262C61BBC104C00A4FA23 /* PMUDocPathDialogObserver.cpp in Sources */,
			);
			runOnlyForDeploymentPostprocessing = 0;
		};
/* End PBXSourcesBuildPhase section */

/* Begin XCBuildConfiguration section */
		4B05EEB108840E8D00D809E1 /* Default */ = {
			isa = XCBuildConfiguration;
			baseConfigurationReference = 7FE5845A08AD6DB8007DB654 /* PageMakeUpPlugin.xcconfig */;
			buildSettings = {
				BUILT_PRODUCTS_DIR = "$(ID_BUILT_SDK_SAMPLES_DIR)";
				CLANG_ANALYZER_LOCALIZABILITY_NONLOCALIZED = YES;
				CLANG_WARN_BLOCK_CAPTURE_AUTORELEASING = YES;
				CLANG_WARN_COMMA = NO;
				CLANG_WARN_DEPRECATED_OBJC_IMPLEMENTATIONS = YES;
				CLANG_WARN_INFINITE_RECURSION = YES;
				CLANG_WARN_NON_LITERAL_NULL_CONVERSION = YES;
				CLANG_WARN_OBJC_IMPLICIT_RETAIN_SELF = YES;
				CLANG_WARN_OBJC_LITERAL_CONVERSION = YES;
				CLANG_WARN_QUOTED_INCLUDE_IN_FRAMEWORK_HEADER = YES;
				CLANG_WARN_RANGE_LOOP_ANALYSIS = YES;
				CLANG_WARN_STRICT_PROTOTYPES = YES;
				CLANG_WARN_SUSPICIOUS_MOVE = YES;
				CLANG_WARN_UNREACHABLE_CODE = YES;
				ENABLE_STRICT_OBJC_MSGSEND = YES;
				ENABLE_USER_SCRIPT_SANDBOXING = YES;
				GCC_NO_COMMON_BLOCKS = YES;
				GCC_WARN_64_TO_32_BIT_CONVERSION = YES;
				"GCC_WARN_64_TO_32_BIT_CONVERSION[arch=*64]" = NO;
				GCC_WARN_UNDECLARED_SELECTOR = YES;
				GCC_WARN_UNUSED_PARAMETER = YES;
				HEADER_SEARCH_PATHS = (
					"$(HEADER_SEARCH_PATHS)",
					$ID_SDK_ROOT/source/public/interfaces/tables,
					$ID_SDK_ROOT/source/public/components/widgetbin/includes,
					$ID_SDK_ROOT/source/public/interfaces/workgroup,
					$ID_SDK_ROOT/source/public/interfaces/interactive,
					$ID_SDK_ROOT/source/public/interfaces/interactive/ui,
					$ID_SDK_ROOT/source/public/interfaces/colormgmt,
					$ID_SDK_ROOT/source/public/interfaces/incopy,
					$ID_SDK_ROOT/source/public/interfaces/cjk,
					$ID_SDK_ROOT/source/public/facades/graphics,
					$ID_SDK_ROOT/source/public/facades/text,
					$ID_SDK_ROOT/source/public/facades/layout,
					$ID_SDK_ROOT/source/public/components/publiclib/plugins,
					$ID_SDK_ROOT/source/public/components/publiclib/files,
					$ID_SDK_ROOT/source/public/components/publiclib/objectmodel,
					$ID_SDK_ROOT/source/sdksamples/common,
					$ID_SDK_ROOT/external/afl/includes,
					/Users/melody/deve/InDesign/Sources/CC2025/PageMakeUp_GEDIMAT/pagemakeup/source,
				);
				INFOPLIST_FILE = $ID_SDK_ROOT/source/sdksamples/common/Info.plist;
				INFOPLIST_PREPROCESS = YES;
				PLC_OUTPUT_TYPE = InDa;
				PRODUCT_NAME = PageMakeUp;
			};
			name = Default;
		};
		F957087115C90B3E00C95573 /* Default */ = {
			isa = XCBuildConfiguration;
			baseConfigurationReference = 77D687F4113861B500D56A9C /* PageMakeUpPlugin_release.xcconfig */;
			buildSettings = {
				CLANG_ENABLE_OBJC_WEAK = YES;
				CLANG_X86_VECTOR_INSTRUCTIONS = default;
				CODE_SIGN_IDENTITY = "";
				CODE_SIGN_STYLE = Manual;
				COMBINE_HIDPI_IMAGES = YES;
				DEVELOPMENT_TEAM = 3WBLWC32YG;
				"DEVELOPMENT_TEAM[sdk=macosx*]" = "";
				FRAMEWORK_SEARCH_PATHS = (
					"$(inherited)",
					$ID_SDK_ROOT/build/mac/release_cocoa64/packagefolder/contents/macos,
					$ID_SDK_ROOT/build/mac/release_cocoa64/packagefolder/contents/Frameworks,
				);
				GCC_OPTIMIZATION_LEVEL = 1;
				GCC_TREAT_WARNINGS_AS_ERRORS = NO;
				HEADER_SEARCH_PATHS = (
					"$(HEADER_SEARCH_PATHS)",
					$ID_SDK_ROOT/source/precomp/msvc,
					$ID_SDK_ROOT/source/public/interfaces/xmedia,
					$ID_SDK_ROOT/source/public/interfaces/preflight,
					$ID_SDK_ROOT/source/public/interfaces/ui,
					$ID_SDK_ROOT/source/public/interfaces/tables,
					$ID_SDK_ROOT/source/public/interfaces/text,
					$ID_SDK_ROOT/source/public/interfaces/graphics,
					$ID_SDK_ROOT/source/public/components/widgetbin/includes,
					$ID_SDK_ROOT/source/public/interfaces/workgroup,
					$ID_SDK_ROOT/source/public/interfaces/interactive,
					$ID_SDK_ROOT/source/public/interfaces/interactive/ui,
					$ID_SDK_ROOT/source/public/interfaces/colormgmt,
					$ID_SDK_ROOT/source/public/interfaces/utils,
					$ID_SDK_ROOT/source/public/interfaces/incopy,
					$ID_SDK_ROOT/source/public/interfaces/layout,
					$ID_SDK_ROOT/source/public/interfaces/architecture,
					$ID_SDK_ROOT/source/public/interfaces/cjk,
					$ID_SDK_ROOT/source/precomp/common,
					$ID_SDK_ROOT/source/public/includes,
					$ID_SDK_ROOT/source/public/facades/graphics,
					$ID_SDK_ROOT/source/public/facades/text,
					$ID_SDK_ROOT/source/public/facades/layout,
					$ID_SDK_ROOT/source/public/components/publiclib/plugins,
					$ID_SDK_ROOT/source/public/components/publiclib/files,
					$ID_SDK_ROOT/source/public/components/publiclib/objectmodel,
					$ID_SDK_ROOT/source/sdksamples/common,
					$ID_SDK_ROOT/external/afl/includes,
					$ID_SDK_ROOT/external/asl/boost_libraries,
					$ID_SDK_ROOT/external/asl/adobe_source_libraries,
					$ID_SDK_ROOT/external/asl/intel_tbb_libraries/include,
					"$ID_SDK_ROOT/external/icu/include/**",
					$ID_SDK_ROOT/external/dva/third_party/boost_libraries,
					$ID_SDK_ROOT/external/dva/third_party/adobe_source_libraries,
					source,
					../doclib/source,
					../textlib/source,
					../framelib/source,
					../parser/source,
					../pagelib/source,
				);
				ID_COCOA_ENABLE = 0;
				ID_NO_DIRECT_DRAWING_ALLOWED = 0;
				LIBRARY_SEARCH_PATHS = (
					"$(inherited)",
					$ID_SDK_ROOT/build/mac/release_cocoa64/packagefolder/contents/macos/libs,
				);
				MACOSX_DEPLOYMENT_TARGET = 11.0;
				OWL_COCOA_ENABLE = 0;
				PROVISIONING_PROFILE_SPECIFIER = "";
				REZ_SEARCH_PATHS = (
					"$(ID_COMMON_REZ_SEARCH_PATHS)",
					"$(ID_SDK_ROOT)/external/palettes",
					"$(ID_SDK_ROOT)/external/workflow",
					icons,
					"$ID_SDK_ROOT/source/**",
				);
				SDKROOT = macosx;
				UICANVAS_COCOA_ENABLE = 0;
				WARNING_CFLAGS = (
					"-Wimplicit",
					"-Wsequence-point",
					"-Winit-self",
					"-Wmissing-field-initializers",
					"-Wpointer-arith",
					"-Wpacked",
					"-Wno-unused-parameter",
					"-Wno-unused-variable",
					"-Wno-write-strings",
					"-Wno-format",
					"-Wno-deprecated",
					"-Wformat-security",
					"-Wno-cast-align",
					"-Wno-logical-op-parentheses",
					"-Wno-c++11-extensions",
					"-Wno-switch-enum",
					"-Wno-char-subscripts",
					"-Wno-return-stack-address",
					"-Wno-parentheses-equality",
					"-Wno-unused-function",
					"-Wno-empty-body",
					"-Wno-out-of-line-declaration",
					"-Wno-return-type-c-linkage",
					"-Wno-invalid-source-encoding",
					"-Wno-shadow",
					"-Wno-#pragma-messages",
					"-Wno-inline-new-delete",
				);
			};
			name = Default;
		};
/* End XCBuildConfiguration section */

/* Begin XCConfigurationList section */
		4B05EEB008840E8D00D809E1 /* Build configuration list for PBXProject "PageMakeUp" */ = {
			isa = XCConfigurationList;
			buildConfigurations = (
				4B05EEB108840E8D00D809E1 /* Default */,
			);
			defaultConfigurationIsVisible = 1;
			defaultConfigurationName = Default;
		};
		F957087015C90B3E00C95573 /* Build configuration list for PBXNativeTarget "Release_Cocoa64" */ = {
			isa = XCConfigurationList;
			buildConfigurations = (
				F957087115C90B3E00C95573 /* Default */,
			);
			defaultConfigurationIsVisible = 0;
			defaultConfigurationName = Default;
		};
/* End XCConfigurationList section */
	};
	rootObject = 4B05EEAF08840E8D00D809E1 /* Project object */;
}
