// !$*UTF8*$!
{
	archiveVersion = 1;
	classes = {
	};
	objectVersion = 54;
	objects = {

/* Begin PBXBuildFile section */
		8F63CBDC2732D3C6001F08A6 /* SDKFileHelper.cpp in Sources */ = {isa = PBXBuildFile; fileRef = 8F63CBD92732D3C6001F08A6 /* SDKFileHelper.cpp */; };
		8F63CBDD2732D3C6001F08A6 /* SDKLayoutHelper.cpp in Sources */ = {isa = PBXBuildFile; fileRef = 8F63CBDA2732D3C6001F08A6 /* SDKLayoutHelper.cpp */; };
		8F63CBDE2732D3C6001F08A6 /* SDKPlugInEntrypoint.cpp in Sources */ = {isa = PBXBuildFile; fileRef = 8F63CBDB2732D3C6001F08A6 /* SDKPlugInEntrypoint.cpp */; };
		8F63CC022732D627001F08A6 /* InDesignModelAndUI.framework in Frameworks */ = {isa = PBXBuildFile; fileRef = 8F63CC012732D627001F08A6 /* InDesignModelAndUI.framework */; };
		8F63CC0C2732D666001F08A6 /* libPublicPlugIn.a in Frameworks */ = {isa = PBXBuildFile; fileRef = 8F63CC0B2732D666001F08A6 /* libPublicPlugIn.a */; };
		8F63CC412732D862001F08A6 /* PrsNoStrip.cpp in Sources */ = {isa = PBXBuildFile; fileRef = 8F63CC3E2732D862001F08A6 /* PrsNoStrip.cpp */; };
		8F63CC422732D862001F08A6 /* PrsID.cpp in Sources */ = {isa = PBXBuildFile; fileRef = 8F63CC402732D862001F08A6 /* PrsID.cpp */; };
		9B33EAAB2D0C39460063D503 /* Prs.fr in Sources */ = {isa = PBXBuildFile; fileRef = 8F63CC3C2732D831001F08A6 /* Prs.fr */; };
		A7EE67BC1BBBDD88000F7FE2 /* Blocs.cpp in Sources */ = {isa = PBXBuildFile; fileRef = A7EE67381BBBDD88000F7FE2 /* Blocs.cpp */; };
		A7EE67BE1BBBDD88000F7FE2 /* Calques.cpp in Sources */ = {isa = PBXBuildFile; fileRef = A7EE673A1BBBDD88000F7FE2 /* Calques.cpp */; };
		A7EE67C01BBBDD88000F7FE2 /* Composer.cpp in Sources */ = {isa = PBXBuildFile; fileRef = A7EE673C1BBBDD88000F7FE2 /* Composer.cpp */; };
		A7EE67C21BBBDD88000F7FE2 /* Divers.cpp in Sources */ = {isa = PBXBuildFile; fileRef = A7EE673E1BBBDD88000F7FE2 /* Divers.cpp */; };
		A7EE67C41BBBDD88000F7FE2 /* Divers2.cpp in Sources */ = {isa = PBXBuildFile; fileRef = A7EE67401BBBDD88000F7FE2 /* Divers2.cpp */; };
		A7EE67C61BBBDD88000F7FE2 /* Docs.cpp in Sources */ = {isa = PBXBuildFile; fileRef = A7EE67411BBBDD88000F7FE2 /* Docs.cpp */; };
		A7EE67C81BBBDD88000F7FE2 /* ExportUtils.cpp in Sources */ = {isa = PBXBuildFile; fileRef = A7EE67431BBBDD88000F7FE2 /* ExportUtils.cpp */; };
		A7EE67CA1BBBDD88000F7FE2 /* Hyperlinks.cpp in Sources */ = {isa = PBXBuildFile; fileRef = A7EE67461BBBDD88000F7FE2 /* Hyperlinks.cpp */; };
		A7EE67CC1BBBDD88000F7FE2 /* Livres.cpp in Sources */ = {isa = PBXBuildFile; fileRef = A7EE67561BBBDD88000F7FE2 /* Livres.cpp */; };
		A7EE67CE1BBBDD88000F7FE2 /* Log.cpp in Sources */ = {isa = PBXBuildFile; fileRef = A7EE67581BBBDD88000F7FE2 /* Log.cpp */; };
		A7EE67D01BBBDD88000F7FE2 /* Pages.cpp in Sources */ = {isa = PBXBuildFile; fileRef = A7EE675A1BBBDD88000F7FE2 /* Pages.cpp */; };
		A7EE67D21BBBDD88000F7FE2 /* Paragraphes.cpp in Sources */ = {isa = PBXBuildFile; fileRef = A7EE675C1BBBDD88000F7FE2 /* Paragraphes.cpp */; };
		A7EE67D41BBBDD88000F7FE2 /* ParserPlugIn.cpp in Sources */ = {isa = PBXBuildFile; fileRef = A7EE675E1BBBDD88000F7FE2 /* ParserPlugIn.cpp */; };
		A7EE67D81BBBDD88000F7FE2 /* ParserSuiteASB.cpp in Sources */ = {isa = PBXBuildFile; fileRef = A7EE67611BBBDD88000F7FE2 /* ParserSuiteASB.cpp */; };
		A7EE67DA1BBBDD88000F7FE2 /* ParserSuiteLayoutCSB.cpp in Sources */ = {isa = PBXBuildFile; fileRef = A7EE67621BBBDD88000F7FE2 /* ParserSuiteLayoutCSB.cpp */; };
		A7EE67DC1BBBDD88000F7FE2 /* PermRefs.cpp in Sources */ = {isa = PBXBuildFile; fileRef = A7EE67631BBBDD88000F7FE2 /* PermRefs.cpp */; };
		A7EE67DE1BBBDD88000F7FE2 /* PermRefsSuiteASB.cpp in Sources */ = {isa = PBXBuildFile; fileRef = A7EE67651BBBDD88000F7FE2 /* PermRefsSuiteASB.cpp */; };
		A7EE67E01BBBDD88000F7FE2 /* PermRefsSuiteTextCSB.cpp in Sources */ = {isa = PBXBuildFile; fileRef = A7EE67661BBBDD88000F7FE2 /* PermRefsSuiteTextCSB.cpp */; };
		A7EE67E21BBBDD88000F7FE2 /* PermRefsTag.cpp in Sources */ = {isa = PBXBuildFile; fileRef = A7EE67671BBBDD88000F7FE2 /* PermRefsTag.cpp */; };
		A7EE67E41BBBDD88000F7FE2 /* PermRefsTag1TextAdornment.cpp in Sources */ = {isa = PBXBuildFile; fileRef = A7EE67681BBBDD88000F7FE2 /* PermRefsTag1TextAdornment.cpp */; };
		A7EE67E61BBBDD88000F7FE2 /* PermRefsTag2TextAdornment.cpp in Sources */ = {isa = PBXBuildFile; fileRef = A7EE67691BBBDD88000F7FE2 /* PermRefsTag2TextAdornment.cpp */; };
		A7EE67E81BBBDD88000F7FE2 /* PermRefsTagReport.cpp in Sources */ = {isa = PBXBuildFile; fileRef = A7EE676A1BBBDD88000F7FE2 /* PermRefsTagReport.cpp */; };
		A7EE67EA1BBBDD88000F7FE2 /* PermRefsTagTextAdornment.cpp in Sources */ = {isa = PBXBuildFile; fileRef = A7EE676B1BBBDD88000F7FE2 /* PermRefsTagTextAdornment.cpp */; };
		A7EE67EC1BBBDD88000F7FE2 /* PermRefsTextEditPostProcess.cpp in Sources */ = {isa = PBXBuildFile; fileRef = A7EE676C1BBBDD88000F7FE2 /* PermRefsTextEditPostProcess.cpp */; };
		A7EE67EE1BBBDD88000F7FE2 /* PermRefsTextEditPreProcess.cpp in Sources */ = {isa = PBXBuildFile; fileRef = A7EE676D1BBBDD88000F7FE2 /* PermRefsTextEditPreProcess.cpp */; };
		A7EE67F01BBBDD88000F7FE2 /* PermRefsUtils.cpp in Sources */ = {isa = PBXBuildFile; fileRef = A7EE676E1BBBDD88000F7FE2 /* PermRefsUtils.cpp */; };
		A7EE67F21BBBDD88000F7FE2 /* PMUTypes.cpp in Sources */ = {isa = PBXBuildFile; fileRef = A7EE67701BBBDD88000F7FE2 /* PMUTypes.cpp */; };
		A7EE67F61BBBDD88000F7FE2 /* PrsCustomServiceProvider.cpp in Sources */ = {isa = PBXBuildFile; fileRef = A7EE67731BBBDD88000F7FE2 /* PrsCustomServiceProvider.cpp */; };
		A7EE67F81BBBDD88000F7FE2 /* PrsDeleteCleanup.cpp in Sources */ = {isa = PBXBuildFile; fileRef = A7EE67741BBBDD88000F7FE2 /* PrsDeleteCleanup.cpp */; };
		A7EE67FC1BBBDD88000F7FE2 /* PrsEnterSerialNumberCmd.cpp in Sources */ = {isa = PBXBuildFile; fileRef = A7EE67761BBBDD88000F7FE2 /* PrsEnterSerialNumberCmd.cpp */; };
		A7EE67FE1BBBDD88000F7FE2 /* PrsEpsDocumentName.cpp in Sources */ = {isa = PBXBuildFile; fileRef = A7EE67771BBBDD88000F7FE2 /* PrsEpsDocumentName.cpp */; };
		A7EE68001BBBDD88000F7FE2 /* PrsEpsDocumentNamePersist.cpp in Sources */ = {isa = PBXBuildFile; fileRef = A7EE67781BBBDD88000F7FE2 /* PrsEpsDocumentNamePersist.cpp */; };
		A7EE68021BBBDD88000F7FE2 /* PrsEpsExportPrefs.cpp in Sources */ = {isa = PBXBuildFile; fileRef = A7EE67791BBBDD88000F7FE2 /* PrsEpsExportPrefs.cpp */; };
		A7EE68041BBBDD88000F7FE2 /* PrsEpsExportPrefsPersist.cpp in Sources */ = {isa = PBXBuildFile; fileRef = A7EE677A1BBBDD88000F7FE2 /* PrsEpsExportPrefsPersist.cpp */; };
		A7EE68061BBBDD88000F7FE2 /* PrsErrorStringService.cpp in Sources */ = {isa = PBXBuildFile; fileRef = A7EE677B1BBBDD88000F7FE2 /* PrsErrorStringService.cpp */; };
		A7EE680A1BBBDD88000F7FE2 /* PrsInsertTextCmd.cpp in Sources */ = {isa = PBXBuildFile; fileRef = A7EE677F1BBBDD88000F7FE2 /* PrsInsertTextCmd.cpp */; };
		A7EE680C1BBBDD88000F7FE2 /* PrsLastPremRef.cpp in Sources */ = {isa = PBXBuildFile; fileRef = A7EE67801BBBDD88000F7FE2 /* PrsLastPremRef.cpp */; };
		A7EE680E1BBBDD88000F7FE2 /* PrsLastPremRefCmd.cpp in Sources */ = {isa = PBXBuildFile; fileRef = A7EE67811BBBDD88000F7FE2 /* PrsLastPremRefCmd.cpp */; };
		A7EE68101BBBDD88000F7FE2 /* PrsLastPremRefPersist.cpp in Sources */ = {isa = PBXBuildFile; fileRef = A7EE67821BBBDD88000F7FE2 /* PrsLastPremRefPersist.cpp */; };
		A7EE68141BBBDD88000F7FE2 /* PrsParserThread.cpp in Sources */ = {isa = PBXBuildFile; fileRef = A7EE67841BBBDD88000F7FE2 /* PrsParserThread.cpp */; };
		A7EE68161BBBDD88000F7FE2 /* PrsPasteImportItemObserver.cpp in Sources */ = {isa = PBXBuildFile; fileRef = A7EE67851BBBDD88000F7FE2 /* PrsPasteImportItemObserver.cpp */; };
		A7EE68181BBBDD88000F7FE2 /* PrsPreferences.cpp in Sources */ = {isa = PBXBuildFile; fileRef = A7EE67861BBBDD88000F7FE2 /* PrsPreferences.cpp */; };
		A7EE681A1BBBDD88000F7FE2 /* PrsPreferencesPersist.cpp in Sources */ = {isa = PBXBuildFile; fileRef = A7EE67871BBBDD88000F7FE2 /* PrsPreferencesPersist.cpp */; };
		A7EE681E1BBBDD88000F7FE2 /* PrsRegistration.cpp in Sources */ = {isa = PBXBuildFile; fileRef = A7EE67891BBBDD88000F7FE2 /* PrsRegistration.cpp */; };
		A7EE68201BBBDD88000F7FE2 /* PrsRegistrationPersist.cpp in Sources */ = {isa = PBXBuildFile; fileRef = A7EE678A1BBBDD88000F7FE2 /* PrsRegistrationPersist.cpp */; };
		A7EE68221BBBDD88000F7FE2 /* PrsRespService.cpp in Sources */ = {isa = PBXBuildFile; fileRef = A7EE678B1BBBDD88000F7FE2 /* PrsRespService.cpp */; };
		A7EE68241BBBDD88000F7FE2 /* PrsReverseTCL.cpp in Sources */ = {isa = PBXBuildFile; fileRef = A7EE678C1BBBDD88000F7FE2 /* PrsReverseTCL.cpp */; };
		A7EE68261BBBDD88000F7FE2 /* PrsScriptProvider.cpp in Sources */ = {isa = PBXBuildFile; fileRef = A7EE678E1BBBDD88000F7FE2 /* PrsScriptProvider.cpp */; };
		A7EE68281BBBDD88000F7FE2 /* PrsSerialNumberDialogController.cpp in Sources */ = {isa = PBXBuildFile; fileRef = A7EE678F1BBBDD88000F7FE2 /* PrsSerialNumberDialogController.cpp */; };
		A7EE682A1BBBDD88000F7FE2 /* PrsSetDocEpsExportPrefsCmd.cpp in Sources */ = {isa = PBXBuildFile; fileRef = A7EE67901BBBDD88000F7FE2 /* PrsSetDocEpsExportPrefsCmd.cpp */; };
		A7EE682C1BBBDD88000F7FE2 /* PrsSetDocPdfExportPrefsCmd.cpp in Sources */ = {isa = PBXBuildFile; fileRef = A7EE67911BBBDD88000F7FE2 /* PrsSetDocPdfExportPrefsCmd.cpp */; };
		A7EE682E1BBBDD88000F7FE2 /* PrsSetDocTCLReferencesList.cpp in Sources */ = {isa = PBXBuildFile; fileRef = A7EE67921BBBDD88000F7FE2 /* PrsSetDocTCLReferencesList.cpp */; };
		A7EE68301BBBDD88000F7FE2 /* PrsSetImageInfosCmd.cpp in Sources */ = {isa = PBXBuildFile; fileRef = A7EE67931BBBDD88000F7FE2 /* PrsSetImageInfosCmd.cpp */; };
		A7EE68321BBBDD88000F7FE2 /* PrsSetPreferencesCmd.cpp in Sources */ = {isa = PBXBuildFile; fileRef = A7EE67941BBBDD88000F7FE2 /* PrsSetPreferencesCmd.cpp */; };
		A7EE68341BBBDD88000F7FE2 /* PrsSetRegistrationInfoCmd.cpp in Sources */ = {isa = PBXBuildFile; fileRef = A7EE67951BBBDD88000F7FE2 /* PrsSetRegistrationInfoCmd.cpp */; };
		A7EE68361BBBDD88000F7FE2 /* PrsSetTCLRefDataCmd.cpp in Sources */ = {isa = PBXBuildFile; fileRef = A7EE67961BBBDD88000F7FE2 /* PrsSetTCLRefDataCmd.cpp */; };
		A7EE68381BBBDD88000F7FE2 /* PrsSetTOPPositionCmd.cpp in Sources */ = {isa = PBXBuildFile; fileRef = A7EE67971BBBDD88000F7FE2 /* PrsSetTOPPositionCmd.cpp */; };
		A7EE683A1BBBDD88000F7FE2 /* PrsStartupShutdown.cpp in Sources */ = {isa = PBXBuildFile; fileRef = A7EE67981BBBDD88000F7FE2 /* PrsStartupShutdown.cpp */; };
		A7EE683C1BBBDD88000F7FE2 /* PrsTCLAdornmentShape.cpp in Sources */ = {isa = PBXBuildFile; fileRef = A7EE67991BBBDD88000F7FE2 /* PrsTCLAdornmentShape.cpp */; };
		A7EE683E1BBBDD88000F7FE2 /* PrsTCLParser.cpp in Sources */ = {isa = PBXBuildFile; fileRef = A7EE679A1BBBDD88000F7FE2 /* PrsTCLParser.cpp */; };
		A7EE68401BBBDD88000F7FE2 /* PrsTCLReader.cpp in Sources */ = {isa = PBXBuildFile; fileRef = A7EE679C1BBBDD88000F7FE2 /* PrsTCLReader.cpp */; };
		A7EE68421BBBDD88000F7FE2 /* PrsTCLReferencesList.cpp in Sources */ = {isa = PBXBuildFile; fileRef = A7EE679E1BBBDD88000F7FE2 /* PrsTCLReferencesList.cpp */; };
		A7EE68441BBBDD88000F7FE2 /* PrsTCLReferencesListPersist.cpp in Sources */ = {isa = PBXBuildFile; fileRef = A7EE679F1BBBDD88000F7FE2 /* PrsTCLReferencesListPersist.cpp */; };
		A7EE68461BBBDD88000F7FE2 /* PrsTCLRefScriptProvider.cpp in Sources */ = {isa = PBXBuildFile; fileRef = A7EE67A01BBBDD88000F7FE2 /* PrsTCLRefScriptProvider.cpp */; };
		A7EE68481BBBDD88000F7FE2 /* PrsTCLWriter.cpp in Sources */ = {isa = PBXBuildFile; fileRef = A7EE67A11BBBDD88000F7FE2 /* PrsTCLWriter.cpp */; };
		A7EE684A1BBBDD88000F7FE2 /* PrsWideStringData.cpp in Sources */ = {isa = PBXBuildFile; fileRef = A7EE67A21BBBDD88000F7FE2 /* PrsWideStringData.cpp */; };
		A7EE684C1BBBDD88000F7FE2 /* Reglages.cpp in Sources */ = {isa = PBXBuildFile; fileRef = A7EE67A31BBBDD88000F7FE2 /* Reglages.cpp */; };
		A7EE684E1BBBDD88000F7FE2 /* ReverseChecker.cpp in Sources */ = {isa = PBXBuildFile; fileRef = A7EE67A51BBBDD88000F7FE2 /* ReverseChecker.cpp */; };
		A7EE68501BBBDD88000F7FE2 /* Styles.cpp in Sources */ = {isa = PBXBuildFile; fileRef = A7EE67A71BBBDD88000F7FE2 /* Styles.cpp */; };
		A7EE68521BBBDD88000F7FE2 /* Systeme.cpp in Sources */ = {isa = PBXBuildFile; fileRef = A7EE67A91BBBDD88000F7FE2 /* Systeme.cpp */; };
		A7EE68541BBBDD88000F7FE2 /* Tableaux.cpp in Sources */ = {isa = PBXBuildFile; fileRef = A7EE67AB1BBBDD88000F7FE2 /* Tableaux.cpp */; };
		A7EE68561BBBDD88000F7FE2 /* TCLError.cpp in Sources */ = {isa = PBXBuildFile; fileRef = A7EE67AD1BBBDD88000F7FE2 /* TCLError.cpp */; };
		A7EE68581BBBDD88000F7FE2 /* Textes.cpp in Sources */ = {isa = PBXBuildFile; fileRef = A7EE67AF1BBBDD88000F7FE2 /* Textes.cpp */; };
		A7EE685A1BBBDD88000F7FE2 /* Textes2.cpp in Sources */ = {isa = PBXBuildFile; fileRef = A7EE67B11BBBDD88000F7FE2 /* Textes2.cpp */; };
		A7EE685C1BBBDD88000F7FE2 /* Transcoder.cpp in Sources */ = {isa = PBXBuildFile; fileRef = A7EE67B21BBBDD88000F7FE2 /* Transcoder.cpp */; };
		A7EE685E1BBBDD88000F7FE2 /* TriggerResourceDeps.cpp in Sources */ = {isa = PBXBuildFile; fileRef = A7EE67B41BBBDD88000F7FE2 /* TriggerResourceDeps.cpp */; };
		A7EE68601BBBDD88000F7FE2 /* XPage.cpp in Sources */ = {isa = PBXBuildFile; fileRef = A7EE67B51BBBDD88000F7FE2 /* XPage.cpp */; };
		A7EE68621BBBDD88000F7FE2 /* XRail.cpp in Sources */ = {isa = PBXBuildFile; fileRef = A7EE67B71BBBDD88000F7FE2 /* XRail.cpp */; };
		A7EE68641BBBDD88000F7FE2 /* XRefs.cpp in Sources */ = {isa = PBXBuildFile; fileRef = A7EE67B91BBBDD88000F7FE2 /* XRefs.cpp */; };
/* End PBXBuildFile section */

/* Begin PBXBuildRule section */
		F957086F15C90B3E00C95573 /* PBXBuildRule */ = {
			isa = PBXBuildRule;
			compilerSpec = com.apple.compilers.proxy.script;
			filePatterns = "*.fr";
			fileType = pattern.proxy;
			inputFiles = (
			);
			isEditable = 1;
			outputFiles = (
				"$(REZ_COLLECTOR_DIR)/$(INPUT_FILE_NAME).rsrc",
			);
			script = "$ID_SDK_ROOT/devtools/bin/odfrc-cmd -d RELEASE $ODFRC_ADDITIONAL_FLAGS -o \"$REZ_COLLECTOR_DIR/$INPUT_FILE_NAME.rsrc\" \"$INPUT_FILE_PATH\"";
		};
/* End PBXBuildRule section */

/* Begin PBXFileReference section */
		77D687F4113861B500D56A9C /* ParserPlugin_release.xcconfig */ = {isa = PBXFileReference; fileEncoding = 4; lastKnownFileType = text.xcconfig; path = ParserPlugin_release.xcconfig; sourceTree = "<group>"; };
		7FE5845A08AD6DB8007DB654 /* ParserPlugin.xcconfig */ = {isa = PBXFileReference; fileEncoding = 30; lastKnownFileType = text.xcconfig; path = ParserPlugin.xcconfig; sourceTree = SOURCE_ROOT; };
		8F63CBD92732D3C6001F08A6 /* SDKFileHelper.cpp */ = {isa = PBXFileReference; fileEncoding = 4; lastKnownFileType = sourcecode.cpp.cpp; name = SDKFileHelper.cpp; path = ../../../../../../AdobeSDKs/Adobe_InDesign_CC2025_Products_SDK/source/sdksamples/common/SDKFileHelper.cpp; sourceTree = "<group>"; };
		8F63CBDA2732D3C6001F08A6 /* SDKLayoutHelper.cpp */ = {isa = PBXFileReference; fileEncoding = 4; lastKnownFileType = sourcecode.cpp.cpp; name = SDKLayoutHelper.cpp; path = ../../../../../../AdobeSDKs/Adobe_InDesign_CC2025_Products_SDK/source/sdksamples/common/SDKLayoutHelper.cpp; sourceTree = "<group>"; };
		8F63CBDB2732D3C6001F08A6 /* SDKPlugInEntrypoint.cpp */ = {isa = PBXFileReference; fileEncoding = 4; lastKnownFileType = sourcecode.cpp.cpp; name = SDKPlugInEntrypoint.cpp; path = ../../../../../../AdobeSDKs/Adobe_InDesign_CC2025_Products_SDK/source/sdksamples/common/SDKPlugInEntrypoint.cpp; sourceTree = "<group>"; };
		8F63CC012732D627001F08A6 /* InDesignModelAndUI.framework */ = {isa = PBXFileReference; lastKnownFileType = wrapper.framework; name = InDesignModelAndUI.framework; path = ../../../../../../AdobeSDKs/Adobe_InDesign_CC2025_Products_SDK/build/mac/release_cocoa64/packagefolder/contents/macos/InDesignModelAndUI.framework; sourceTree = "<group>"; };
		8F63CC0B2732D666001F08A6 /* libPublicPlugIn.a */ = {isa = PBXFileReference; lastKnownFileType = archive.ar; name = libPublicPlugIn.a; path = ../../../../../../AdobeSDKs/Adobe_InDesign_CC2025_Products_SDK/build/mac/release_cocoa64/packagefolder/contents/macos/libs/libPublicPlugIn.a; sourceTree = "<group>"; };
		8F63CC1B2732D6C9001F08A6 /* libPublicPlugIn.a */ = {isa = PBXFileReference; lastKnownFileType = archive.ar; name = libPublicPlugIn.a; path = ../../../../../../AdobeSDKs/Adobe_InDesign_CC2025_Products_SDK/build/mac/debug_cocoa64/packagefolder/contents/macos/libs/libPublicPlugIn.a; sourceTree = "<group>"; };
		8F63CC1D2732D6D0001F08A6 /* InDesignModelAndUI.framework */ = {isa = PBXFileReference; lastKnownFileType = wrapper.framework; name = InDesignModelAndUI.framework; path = ../../../../../../AdobeSDKs/Adobe_InDesign_CC2025_Products_SDK/build/mac/debug_cocoa64/packagefolder/contents/macos/InDesignModelAndUI.framework; sourceTree = "<group>"; };
		8F63CC3C2732D831001F08A6 /* Prs.fr */ = {isa = PBXFileReference; fileEncoding = 4; lastKnownFileType = text; name = Prs.fr; path = source/Prs.fr; sourceTree = "<group>"; };
		8F63CC3E2732D862001F08A6 /* PrsNoStrip.cpp */ = {isa = PBXFileReference; fileEncoding = 4; lastKnownFileType = sourcecode.cpp.cpp; name = PrsNoStrip.cpp; path = source/PrsNoStrip.cpp; sourceTree = "<group>"; };
		8F63CC3F2732D862001F08A6 /* PrsID.h */ = {isa = PBXFileReference; fileEncoding = 4; lastKnownFileType = sourcecode.c.h; name = PrsID.h; path = source/PrsID.h; sourceTree = "<group>"; };
		8F63CC402732D862001F08A6 /* PrsID.cpp */ = {isa = PBXFileReference; fileEncoding = 4; lastKnownFileType = sourcecode.cpp.cpp; name = PrsID.cpp; path = source/PrsID.cpp; sourceTree = "<group>"; };
		8F63CC522732DA67001F08A6 /* Info.plist */ = {isa = PBXFileReference; fileEncoding = 4; lastKnownFileType = text.plist.xml; name = Info.plist; path = ../../../../../../AdobeSDKs/Adobe_InDesign_CC2025_Products_SDK/source/sdksamples/common/Info.plist; sourceTree = "<group>"; };
		A7EE67381BBBDD88000F7FE2 /* Blocs.cpp */ = {isa = PBXFileReference; fileEncoding = 4; lastKnownFileType = sourcecode.cpp.cpp; name = Blocs.cpp; path = source/Blocs.cpp; sourceTree = "<group>"; };
		A7EE67391BBBDD88000F7FE2 /* Blocs.h */ = {isa = PBXFileReference; fileEncoding = 4; lastKnownFileType = sourcecode.c.h; name = Blocs.h; path = source/Blocs.h; sourceTree = "<group>"; };
		A7EE673A1BBBDD88000F7FE2 /* Calques.cpp */ = {isa = PBXFileReference; fileEncoding = 4; lastKnownFileType = sourcecode.cpp.cpp; name = Calques.cpp; path = source/Calques.cpp; sourceTree = "<group>"; };
		A7EE673B1BBBDD88000F7FE2 /* Calques.h */ = {isa = PBXFileReference; fileEncoding = 4; lastKnownFileType = sourcecode.c.h; name = Calques.h; path = source/Calques.h; sourceTree = "<group>"; };
		A7EE673C1BBBDD88000F7FE2 /* Composer.cpp */ = {isa = PBXFileReference; fileEncoding = 4; lastKnownFileType = sourcecode.cpp.cpp; name = Composer.cpp; path = source/Composer.cpp; sourceTree = "<group>"; };
		A7EE673D1BBBDD88000F7FE2 /* Composer.h */ = {isa = PBXFileReference; fileEncoding = 4; lastKnownFileType = sourcecode.c.h; name = Composer.h; path = source/Composer.h; sourceTree = "<group>"; };
		A7EE673E1BBBDD88000F7FE2 /* Divers.cpp */ = {isa = PBXFileReference; fileEncoding = 4; lastKnownFileType = sourcecode.cpp.cpp; name = Divers.cpp; path = source/Divers.cpp; sourceTree = "<group>"; };
		A7EE673F1BBBDD88000F7FE2 /* Divers.h */ = {isa = PBXFileReference; fileEncoding = 4; lastKnownFileType = sourcecode.c.h; name = Divers.h; path = source/Divers.h; sourceTree = "<group>"; };
		A7EE67401BBBDD88000F7FE2 /* Divers2.cpp */ = {isa = PBXFileReference; fileEncoding = 4; lastKnownFileType = sourcecode.cpp.cpp; name = Divers2.cpp; path = source/Divers2.cpp; sourceTree = "<group>"; };
		A7EE67411BBBDD88000F7FE2 /* Docs.cpp */ = {isa = PBXFileReference; fileEncoding = 4; lastKnownFileType = sourcecode.cpp.cpp; name = Docs.cpp; path = source/Docs.cpp; sourceTree = "<group>"; };
		A7EE67421BBBDD88000F7FE2 /* Docs.h */ = {isa = PBXFileReference; fileEncoding = 4; lastKnownFileType = sourcecode.c.h; name = Docs.h; path = source/Docs.h; sourceTree = "<group>"; };
		A7EE67431BBBDD88000F7FE2 /* ExportUtils.cpp */ = {isa = PBXFileReference; fileEncoding = 4; lastKnownFileType = sourcecode.cpp.cpp; name = ExportUtils.cpp; path = source/ExportUtils.cpp; sourceTree = "<group>"; };
		A7EE67441BBBDD88000F7FE2 /* ExportUtils.h */ = {isa = PBXFileReference; fileEncoding = 4; lastKnownFileType = sourcecode.c.h; name = ExportUtils.h; path = source/ExportUtils.h; sourceTree = "<group>"; };
		A7EE67451BBBDD88000F7FE2 /* GlobalDefs.h */ = {isa = PBXFileReference; fileEncoding = 4; lastKnownFileType = sourcecode.c.h; name = GlobalDefs.h; path = source/GlobalDefs.h; sourceTree = "<group>"; };
		A7EE67461BBBDD88000F7FE2 /* Hyperlinks.cpp */ = {isa = PBXFileReference; fileEncoding = 4; lastKnownFileType = sourcecode.cpp.cpp; name = Hyperlinks.cpp; path = source/Hyperlinks.cpp; sourceTree = "<group>"; };
		A7EE67471BBBDD88000F7FE2 /* Hyperlinks.h */ = {isa = PBXFileReference; fileEncoding = 4; lastKnownFileType = sourcecode.c.h; name = Hyperlinks.h; path = source/Hyperlinks.h; sourceTree = "<group>"; };
		A7EE67481BBBDD88000F7FE2 /* IEpsDocumentName.h */ = {isa = PBXFileReference; fileEncoding = 4; lastKnownFileType = sourcecode.c.h; name = IEpsDocumentName.h; path = source/IEpsDocumentName.h; sourceTree = "<group>"; };
		A7EE67491BBBDD88000F7FE2 /* ILastPermRefsTag.h */ = {isa = PBXFileReference; fileEncoding = 4; lastKnownFileType = sourcecode.c.h; name = ILastPermRefsTag.h; path = source/ILastPermRefsTag.h; sourceTree = "<group>"; };
		A7EE674A1BBBDD88000F7FE2 /* ILastPremRef.h */ = {isa = PBXFileReference; fileEncoding = 4; lastKnownFileType = sourcecode.c.h; name = ILastPremRef.h; path = source/ILastPremRef.h; sourceTree = "<group>"; };
		A7EE674B1BBBDD88000F7FE2 /* IPageMakeUpPrefs.h */ = {isa = PBXFileReference; fileEncoding = 4; lastKnownFileType = sourcecode.c.h; name = IPageMakeUpPrefs.h; path = source/IPageMakeUpPrefs.h; sourceTree = "<group>"; };
		A7EE674C1BBBDD88000F7FE2 /* IParserSuite.h */ = {isa = PBXFileReference; fileEncoding = 4; lastKnownFileType = sourcecode.c.h; name = IParserSuite.h; path = source/IParserSuite.h; sourceTree = "<group>"; };
		A7EE674D1BBBDD88000F7FE2 /* IPermRefsSuite.h */ = {isa = PBXFileReference; fileEncoding = 4; lastKnownFileType = sourcecode.c.h; name = IPermRefsSuite.h; path = source/IPermRefsSuite.h; sourceTree = "<group>"; };
		A7EE674E1BBBDD88000F7FE2 /* IPermRefsTag.h */ = {isa = PBXFileReference; fileEncoding = 4; lastKnownFileType = sourcecode.c.h; name = IPermRefsTag.h; path = source/IPermRefsTag.h; sourceTree = "<group>"; };
		A7EE674F1BBBDD88000F7FE2 /* IRegistration.h */ = {isa = PBXFileReference; fileEncoding = 4; lastKnownFileType = sourcecode.c.h; name = IRegistration.h; path = source/IRegistration.h; sourceTree = "<group>"; };
		A7EE67501BBBDD88000F7FE2 /* IReverseTCL.h */ = {isa = PBXFileReference; fileEncoding = 4; lastKnownFileType = sourcecode.c.h; name = IReverseTCL.h; path = source/IReverseTCL.h; sourceTree = "<group>"; };
		A7EE67511BBBDD88000F7FE2 /* ITCLParser.h */ = {isa = PBXFileReference; fileEncoding = 4; lastKnownFileType = sourcecode.c.h; name = ITCLParser.h; path = source/ITCLParser.h; sourceTree = "<group>"; };
		A7EE67521BBBDD88000F7FE2 /* ITCLReader.h */ = {isa = PBXFileReference; fileEncoding = 4; lastKnownFileType = sourcecode.c.h; name = ITCLReader.h; path = source/ITCLReader.h; sourceTree = "<group>"; };
		A7EE67531BBBDD88000F7FE2 /* ITCLReferencesList.h */ = {isa = PBXFileReference; fileEncoding = 4; lastKnownFileType = sourcecode.c.h; name = ITCLReferencesList.h; path = source/ITCLReferencesList.h; sourceTree = "<group>"; };
		A7EE67541BBBDD88000F7FE2 /* ITCLWriter.h */ = {isa = PBXFileReference; fileEncoding = 4; lastKnownFileType = sourcecode.c.h; name = ITCLWriter.h; path = source/ITCLWriter.h; sourceTree = "<group>"; };
		A7EE67551BBBDD88000F7FE2 /* IWideStringData.h */ = {isa = PBXFileReference; fileEncoding = 4; lastKnownFileType = sourcecode.c.h; name = IWideStringData.h; path = source/IWideStringData.h; sourceTree = "<group>"; };
		A7EE67561BBBDD88000F7FE2 /* Livres.cpp */ = {isa = PBXFileReference; fileEncoding = 4; lastKnownFileType = sourcecode.cpp.cpp; name = Livres.cpp; path = source/Livres.cpp; sourceTree = "<group>"; };
		A7EE67571BBBDD88000F7FE2 /* Livres.h */ = {isa = PBXFileReference; fileEncoding = 4; lastKnownFileType = sourcecode.c.h; name = Livres.h; path = source/Livres.h; sourceTree = "<group>"; };
		A7EE67581BBBDD88000F7FE2 /* Log.cpp */ = {isa = PBXFileReference; fileEncoding = 4; lastKnownFileType = sourcecode.cpp.cpp; name = Log.cpp; path = source/Log.cpp; sourceTree = "<group>"; };
		A7EE67591BBBDD88000F7FE2 /* Log.h */ = {isa = PBXFileReference; fileEncoding = 4; lastKnownFileType = sourcecode.c.h; name = Log.h; path = source/Log.h; sourceTree = "<group>"; };
		A7EE675A1BBBDD88000F7FE2 /* Pages.cpp */ = {isa = PBXFileReference; fileEncoding = 4; lastKnownFileType = sourcecode.cpp.cpp; name = Pages.cpp; path = source/Pages.cpp; sourceTree = "<group>"; };
		A7EE675B1BBBDD88000F7FE2 /* Pages.h */ = {isa = PBXFileReference; fileEncoding = 4; lastKnownFileType = sourcecode.c.h; name = Pages.h; path = source/Pages.h; sourceTree = "<group>"; };
		A7EE675C1BBBDD88000F7FE2 /* Paragraphes.cpp */ = {isa = PBXFileReference; fileEncoding = 4; lastKnownFileType = sourcecode.cpp.cpp; name = Paragraphes.cpp; path = source/Paragraphes.cpp; sourceTree = "<group>"; };
		A7EE675D1BBBDD88000F7FE2 /* Paragraphes.h */ = {isa = PBXFileReference; fileEncoding = 4; lastKnownFileType = sourcecode.c.h; name = Paragraphes.h; path = source/Paragraphes.h; sourceTree = "<group>"; };
		A7EE675E1BBBDD88000F7FE2 /* ParserPlugIn.cpp */ = {isa = PBXFileReference; fileEncoding = 4; lastKnownFileType = sourcecode.cpp.cpp; name = ParserPlugIn.cpp; path = source/ParserPlugIn.cpp; sourceTree = "<group>"; };
		A7EE675F1BBBDD88000F7FE2 /* ParserPlugIn.h */ = {isa = PBXFileReference; fileEncoding = 4; lastKnownFileType = sourcecode.c.h; name = ParserPlugIn.h; path = source/ParserPlugIn.h; sourceTree = "<group>"; };
		A7EE67611BBBDD88000F7FE2 /* ParserSuiteASB.cpp */ = {isa = PBXFileReference; fileEncoding = 4; lastKnownFileType = sourcecode.cpp.cpp; name = ParserSuiteASB.cpp; path = source/ParserSuiteASB.cpp; sourceTree = "<group>"; };
		A7EE67621BBBDD88000F7FE2 /* ParserSuiteLayoutCSB.cpp */ = {isa = PBXFileReference; fileEncoding = 4; lastKnownFileType = sourcecode.cpp.cpp; name = ParserSuiteLayoutCSB.cpp; path = source/ParserSuiteLayoutCSB.cpp; sourceTree = "<group>"; };
		A7EE67631BBBDD88000F7FE2 /* PermRefs.cpp */ = {isa = PBXFileReference; fileEncoding = 4; lastKnownFileType = sourcecode.cpp.cpp; name = PermRefs.cpp; path = source/PermRefs.cpp; sourceTree = "<group>"; };
		A7EE67641BBBDD88000F7FE2 /* PermRefs.h */ = {isa = PBXFileReference; fileEncoding = 4; lastKnownFileType = sourcecode.c.h; name = PermRefs.h; path = source/PermRefs.h; sourceTree = "<group>"; };
		A7EE67651BBBDD88000F7FE2 /* PermRefsSuiteASB.cpp */ = {isa = PBXFileReference; fileEncoding = 4; lastKnownFileType = sourcecode.cpp.cpp; name = PermRefsSuiteASB.cpp; path = source/PermRefsSuiteASB.cpp; sourceTree = "<group>"; };
		A7EE67661BBBDD88000F7FE2 /* PermRefsSuiteTextCSB.cpp */ = {isa = PBXFileReference; fileEncoding = 4; lastKnownFileType = sourcecode.cpp.cpp; name = PermRefsSuiteTextCSB.cpp; path = source/PermRefsSuiteTextCSB.cpp; sourceTree = "<group>"; };
		A7EE67671BBBDD88000F7FE2 /* PermRefsTag.cpp */ = {isa = PBXFileReference; fileEncoding = 4; lastKnownFileType = sourcecode.cpp.cpp; name = PermRefsTag.cpp; path = source/PermRefsTag.cpp; sourceTree = "<group>"; };
		A7EE67681BBBDD88000F7FE2 /* PermRefsTag1TextAdornment.cpp */ = {isa = PBXFileReference; fileEncoding = 4; lastKnownFileType = sourcecode.cpp.cpp; name = PermRefsTag1TextAdornment.cpp; path = source/PermRefsTag1TextAdornment.cpp; sourceTree = "<group>"; };
		A7EE67691BBBDD88000F7FE2 /* PermRefsTag2TextAdornment.cpp */ = {isa = PBXFileReference; fileEncoding = 4; lastKnownFileType = sourcecode.cpp.cpp; name = PermRefsTag2TextAdornment.cpp; path = source/PermRefsTag2TextAdornment.cpp; sourceTree = "<group>"; };
		A7EE676A1BBBDD88000F7FE2 /* PermRefsTagReport.cpp */ = {isa = PBXFileReference; fileEncoding = 4; lastKnownFileType = sourcecode.cpp.cpp; name = PermRefsTagReport.cpp; path = source/PermRefsTagReport.cpp; sourceTree = "<group>"; };
		A7EE676B1BBBDD88000F7FE2 /* PermRefsTagTextAdornment.cpp */ = {isa = PBXFileReference; fileEncoding = 4; lastKnownFileType = sourcecode.cpp.cpp; name = PermRefsTagTextAdornment.cpp; path = source/PermRefsTagTextAdornment.cpp; sourceTree = "<group>"; };
		A7EE676C1BBBDD88000F7FE2 /* PermRefsTextEditPostProcess.cpp */ = {isa = PBXFileReference; fileEncoding = 4; lastKnownFileType = sourcecode.cpp.cpp; name = PermRefsTextEditPostProcess.cpp; path = source/PermRefsTextEditPostProcess.cpp; sourceTree = "<group>"; };
		A7EE676D1BBBDD88000F7FE2 /* PermRefsTextEditPreProcess.cpp */ = {isa = PBXFileReference; fileEncoding = 4; lastKnownFileType = sourcecode.cpp.cpp; name = PermRefsTextEditPreProcess.cpp; path = source/PermRefsTextEditPreProcess.cpp; sourceTree = "<group>"; };
		A7EE676E1BBBDD88000F7FE2 /* PermRefsUtils.cpp */ = {isa = PBXFileReference; fileEncoding = 4; lastKnownFileType = sourcecode.cpp.cpp; name = PermRefsUtils.cpp; path = source/PermRefsUtils.cpp; sourceTree = "<group>"; };
		A7EE676F1BBBDD88000F7FE2 /* PermRefsUtils.h */ = {isa = PBXFileReference; fileEncoding = 4; lastKnownFileType = sourcecode.c.h; name = PermRefsUtils.h; path = source/PermRefsUtils.h; sourceTree = "<group>"; };
		A7EE67701BBBDD88000F7FE2 /* PMUTypes.cpp */ = {isa = PBXFileReference; fileEncoding = 4; lastKnownFileType = sourcecode.cpp.cpp; name = PMUTypes.cpp; path = source/PMUTypes.cpp; sourceTree = "<group>"; };
		A7EE67711BBBDD88000F7FE2 /* PMUTypes.h */ = {isa = PBXFileReference; fileEncoding = 4; lastKnownFileType = sourcecode.c.h; name = PMUTypes.h; path = source/PMUTypes.h; sourceTree = "<group>"; };
		A7EE67731BBBDD88000F7FE2 /* PrsCustomServiceProvider.cpp */ = {isa = PBXFileReference; fileEncoding = 4; lastKnownFileType = sourcecode.cpp.cpp; name = PrsCustomServiceProvider.cpp; path = source/PrsCustomServiceProvider.cpp; sourceTree = "<group>"; };
		A7EE67741BBBDD88000F7FE2 /* PrsDeleteCleanup.cpp */ = {isa = PBXFileReference; fileEncoding = 4; lastKnownFileType = sourcecode.cpp.cpp; name = PrsDeleteCleanup.cpp; path = source/PrsDeleteCleanup.cpp; sourceTree = "<group>"; };
		A7EE67761BBBDD88000F7FE2 /* PrsEnterSerialNumberCmd.cpp */ = {isa = PBXFileReference; fileEncoding = 4; lastKnownFileType = sourcecode.cpp.cpp; name = PrsEnterSerialNumberCmd.cpp; path = source/PrsEnterSerialNumberCmd.cpp; sourceTree = "<group>"; };
		A7EE67771BBBDD88000F7FE2 /* PrsEpsDocumentName.cpp */ = {isa = PBXFileReference; fileEncoding = 4; lastKnownFileType = sourcecode.cpp.cpp; name = PrsEpsDocumentName.cpp; path = source/PrsEpsDocumentName.cpp; sourceTree = "<group>"; };
		A7EE67781BBBDD88000F7FE2 /* PrsEpsDocumentNamePersist.cpp */ = {isa = PBXFileReference; fileEncoding = 4; lastKnownFileType = sourcecode.cpp.cpp; name = PrsEpsDocumentNamePersist.cpp; path = source/PrsEpsDocumentNamePersist.cpp; sourceTree = "<group>"; };
		A7EE67791BBBDD88000F7FE2 /* PrsEpsExportPrefs.cpp */ = {isa = PBXFileReference; fileEncoding = 4; lastKnownFileType = sourcecode.cpp.cpp; name = PrsEpsExportPrefs.cpp; path = source/PrsEpsExportPrefs.cpp; sourceTree = "<group>"; };
		A7EE677A1BBBDD88000F7FE2 /* PrsEpsExportPrefsPersist.cpp */ = {isa = PBXFileReference; fileEncoding = 4; lastKnownFileType = sourcecode.cpp.cpp; name = PrsEpsExportPrefsPersist.cpp; path = source/PrsEpsExportPrefsPersist.cpp; sourceTree = "<group>"; };
		A7EE677B1BBBDD88000F7FE2 /* PrsErrorStringService.cpp */ = {isa = PBXFileReference; fileEncoding = 4; lastKnownFileType = sourcecode.cpp.cpp; name = PrsErrorStringService.cpp; path = source/PrsErrorStringService.cpp; sourceTree = "<group>"; };
		A7EE677C1BBBDD88000F7FE2 /* PrsFactoryList.h */ = {isa = PBXFileReference; fileEncoding = 4; lastKnownFileType = sourcecode.c.h; name = PrsFactoryList.h; path = source/PrsFactoryList.h; sourceTree = "<group>"; };
		A7EE677F1BBBDD88000F7FE2 /* PrsInsertTextCmd.cpp */ = {isa = PBXFileReference; fileEncoding = 4; lastKnownFileType = sourcecode.cpp.cpp; name = PrsInsertTextCmd.cpp; path = source/PrsInsertTextCmd.cpp; sourceTree = "<group>"; };
		A7EE67801BBBDD88000F7FE2 /* PrsLastPremRef.cpp */ = {isa = PBXFileReference; fileEncoding = 4; lastKnownFileType = sourcecode.cpp.cpp; name = PrsLastPremRef.cpp; path = source/PrsLastPremRef.cpp; sourceTree = "<group>"; };
		A7EE67811BBBDD88000F7FE2 /* PrsLastPremRefCmd.cpp */ = {isa = PBXFileReference; fileEncoding = 4; lastKnownFileType = sourcecode.cpp.cpp; name = PrsLastPremRefCmd.cpp; path = source/PrsLastPremRefCmd.cpp; sourceTree = "<group>"; };
		A7EE67821BBBDD88000F7FE2 /* PrsLastPremRefPersist.cpp */ = {isa = PBXFileReference; fileEncoding = 4; lastKnownFileType = sourcecode.cpp.cpp; name = PrsLastPremRefPersist.cpp; path = source/PrsLastPremRefPersist.cpp; sourceTree = "<group>"; };
		A7EE67841BBBDD88000F7FE2 /* PrsParserThread.cpp */ = {isa = PBXFileReference; fileEncoding = 4; lastKnownFileType = sourcecode.cpp.cpp; name = PrsParserThread.cpp; path = source/PrsParserThread.cpp; sourceTree = "<group>"; };
		A7EE67851BBBDD88000F7FE2 /* PrsPasteImportItemObserver.cpp */ = {isa = PBXFileReference; fileEncoding = 4; lastKnownFileType = sourcecode.cpp.cpp; name = PrsPasteImportItemObserver.cpp; path = source/PrsPasteImportItemObserver.cpp; sourceTree = "<group>"; };
		A7EE67861BBBDD88000F7FE2 /* PrsPreferences.cpp */ = {isa = PBXFileReference; fileEncoding = 4; lastKnownFileType = sourcecode.cpp.cpp; name = PrsPreferences.cpp; path = source/PrsPreferences.cpp; sourceTree = "<group>"; };
		A7EE67871BBBDD88000F7FE2 /* PrsPreferencesPersist.cpp */ = {isa = PBXFileReference; fileEncoding = 4; lastKnownFileType = sourcecode.cpp.cpp; name = PrsPreferencesPersist.cpp; path = source/PrsPreferencesPersist.cpp; sourceTree = "<group>"; };
		A7EE67891BBBDD88000F7FE2 /* PrsRegistration.cpp */ = {isa = PBXFileReference; fileEncoding = 4; lastKnownFileType = sourcecode.cpp.cpp; name = PrsRegistration.cpp; path = source/PrsRegistration.cpp; sourceTree = "<group>"; };
		A7EE678A1BBBDD88000F7FE2 /* PrsRegistrationPersist.cpp */ = {isa = PBXFileReference; fileEncoding = 4; lastKnownFileType = sourcecode.cpp.cpp; name = PrsRegistrationPersist.cpp; path = source/PrsRegistrationPersist.cpp; sourceTree = "<group>"; };
		A7EE678B1BBBDD88000F7FE2 /* PrsRespService.cpp */ = {isa = PBXFileReference; fileEncoding = 4; lastKnownFileType = sourcecode.cpp.cpp; name = PrsRespService.cpp; path = source/PrsRespService.cpp; sourceTree = "<group>"; };
		A7EE678C1BBBDD88000F7FE2 /* PrsReverseTCL.cpp */ = {isa = PBXFileReference; fileEncoding = 4; lastKnownFileType = sourcecode.cpp.cpp; name = PrsReverseTCL.cpp; path = source/PrsReverseTCL.cpp; sourceTree = "<group>"; };
		A7EE678D1BBBDD88000F7FE2 /* PrsScriptingDefs.h */ = {isa = PBXFileReference; fileEncoding = 4; lastKnownFileType = sourcecode.c.h; name = PrsScriptingDefs.h; path = source/PrsScriptingDefs.h; sourceTree = "<group>"; };
		A7EE678E1BBBDD88000F7FE2 /* PrsScriptProvider.cpp */ = {isa = PBXFileReference; fileEncoding = 4; lastKnownFileType = sourcecode.cpp.cpp; name = PrsScriptProvider.cpp; path = source/PrsScriptProvider.cpp; sourceTree = "<group>"; };
		A7EE678F1BBBDD88000F7FE2 /* PrsSerialNumberDialogController.cpp */ = {isa = PBXFileReference; fileEncoding = 4; lastKnownFileType = sourcecode.cpp.cpp; name = PrsSerialNumberDialogController.cpp; path = source/PrsSerialNumberDialogController.cpp; sourceTree = "<group>"; };
		A7EE67901BBBDD88000F7FE2 /* PrsSetDocEpsExportPrefsCmd.cpp */ = {isa = PBXFileReference; fileEncoding = 4; lastKnownFileType = sourcecode.cpp.cpp; name = PrsSetDocEpsExportPrefsCmd.cpp; path = source/PrsSetDocEpsExportPrefsCmd.cpp; sourceTree = "<group>"; };
		A7EE67911BBBDD88000F7FE2 /* PrsSetDocPdfExportPrefsCmd.cpp */ = {isa = PBXFileReference; fileEncoding = 4; lastKnownFileType = sourcecode.cpp.cpp; name = PrsSetDocPdfExportPrefsCmd.cpp; path = source/PrsSetDocPdfExportPrefsCmd.cpp; sourceTree = "<group>"; };
		A7EE67921BBBDD88000F7FE2 /* PrsSetDocTCLReferencesList.cpp */ = {isa = PBXFileReference; fileEncoding = 4; lastKnownFileType = sourcecode.cpp.cpp; name = PrsSetDocTCLReferencesList.cpp; path = source/PrsSetDocTCLReferencesList.cpp; sourceTree = "<group>"; };
		A7EE67931BBBDD88000F7FE2 /* PrsSetImageInfosCmd.cpp */ = {isa = PBXFileReference; fileEncoding = 4; lastKnownFileType = sourcecode.cpp.cpp; name = PrsSetImageInfosCmd.cpp; path = source/PrsSetImageInfosCmd.cpp; sourceTree = "<group>"; };
		A7EE67941BBBDD88000F7FE2 /* PrsSetPreferencesCmd.cpp */ = {isa = PBXFileReference; fileEncoding = 4; lastKnownFileType = sourcecode.cpp.cpp; name = PrsSetPreferencesCmd.cpp; path = source/PrsSetPreferencesCmd.cpp; sourceTree = "<group>"; };
		A7EE67951BBBDD88000F7FE2 /* PrsSetRegistrationInfoCmd.cpp */ = {isa = PBXFileReference; fileEncoding = 4; lastKnownFileType = sourcecode.cpp.cpp; name = PrsSetRegistrationInfoCmd.cpp; path = source/PrsSetRegistrationInfoCmd.cpp; sourceTree = "<group>"; };
		A7EE67961BBBDD88000F7FE2 /* PrsSetTCLRefDataCmd.cpp */ = {isa = PBXFileReference; fileEncoding = 4; lastKnownFileType = sourcecode.cpp.cpp; name = PrsSetTCLRefDataCmd.cpp; path = source/PrsSetTCLRefDataCmd.cpp; sourceTree = "<group>"; };
		A7EE67971BBBDD88000F7FE2 /* PrsSetTOPPositionCmd.cpp */ = {isa = PBXFileReference; fileEncoding = 4; lastKnownFileType = sourcecode.cpp.cpp; name = PrsSetTOPPositionCmd.cpp; path = source/PrsSetTOPPositionCmd.cpp; sourceTree = "<group>"; };
		A7EE67981BBBDD88000F7FE2 /* PrsStartupShutdown.cpp */ = {isa = PBXFileReference; fileEncoding = 4; lastKnownFileType = sourcecode.cpp.cpp; name = PrsStartupShutdown.cpp; path = source/PrsStartupShutdown.cpp; sourceTree = "<group>"; };
		A7EE67991BBBDD88000F7FE2 /* PrsTCLAdornmentShape.cpp */ = {isa = PBXFileReference; fileEncoding = 4; lastKnownFileType = sourcecode.cpp.cpp; name = PrsTCLAdornmentShape.cpp; path = source/PrsTCLAdornmentShape.cpp; sourceTree = "<group>"; };
		A7EE679A1BBBDD88000F7FE2 /* PrsTCLParser.cpp */ = {isa = PBXFileReference; fileEncoding = 4; lastKnownFileType = sourcecode.cpp.cpp; name = PrsTCLParser.cpp; path = source/PrsTCLParser.cpp; sourceTree = "<group>"; };
		A7EE679B1BBBDD88000F7FE2 /* PrsTCLParser.h */ = {isa = PBXFileReference; fileEncoding = 4; lastKnownFileType = sourcecode.c.h; name = PrsTCLParser.h; path = source/PrsTCLParser.h; sourceTree = "<group>"; };
		A7EE679C1BBBDD88000F7FE2 /* PrsTCLReader.cpp */ = {isa = PBXFileReference; fileEncoding = 4; lastKnownFileType = sourcecode.cpp.cpp; name = PrsTCLReader.cpp; path = source/PrsTCLReader.cpp; sourceTree = "<group>"; };
		A7EE679D1BBBDD88000F7FE2 /* PrsTCLReader.h */ = {isa = PBXFileReference; fileEncoding = 4; lastKnownFileType = sourcecode.c.h; name = PrsTCLReader.h; path = source/PrsTCLReader.h; sourceTree = "<group>"; };
		A7EE679E1BBBDD88000F7FE2 /* PrsTCLReferencesList.cpp */ = {isa = PBXFileReference; fileEncoding = 4; lastKnownFileType = sourcecode.cpp.cpp; name = PrsTCLReferencesList.cpp; path = source/PrsTCLReferencesList.cpp; sourceTree = "<group>"; };
		A7EE679F1BBBDD88000F7FE2 /* PrsTCLReferencesListPersist.cpp */ = {isa = PBXFileReference; fileEncoding = 4; lastKnownFileType = sourcecode.cpp.cpp; name = PrsTCLReferencesListPersist.cpp; path = source/PrsTCLReferencesListPersist.cpp; sourceTree = "<group>"; };
		A7EE67A01BBBDD88000F7FE2 /* PrsTCLRefScriptProvider.cpp */ = {isa = PBXFileReference; fileEncoding = 4; lastKnownFileType = sourcecode.cpp.cpp; name = PrsTCLRefScriptProvider.cpp; path = source/PrsTCLRefScriptProvider.cpp; sourceTree = "<group>"; };
		A7EE67A11BBBDD88000F7FE2 /* PrsTCLWriter.cpp */ = {isa = PBXFileReference; fileEncoding = 4; lastKnownFileType = sourcecode.cpp.cpp; name = PrsTCLWriter.cpp; path = source/PrsTCLWriter.cpp; sourceTree = "<group>"; };
		A7EE67A21BBBDD88000F7FE2 /* PrsWideStringData.cpp */ = {isa = PBXFileReference; fileEncoding = 4; lastKnownFileType = sourcecode.cpp.cpp; name = PrsWideStringData.cpp; path = source/PrsWideStringData.cpp; sourceTree = "<group>"; };
		A7EE67A31BBBDD88000F7FE2 /* Reglages.cpp */ = {isa = PBXFileReference; fileEncoding = 4; lastKnownFileType = sourcecode.cpp.cpp; name = Reglages.cpp; path = source/Reglages.cpp; sourceTree = "<group>"; };
		A7EE67A41BBBDD88000F7FE2 /* Reglages.h */ = {isa = PBXFileReference; fileEncoding = 4; lastKnownFileType = sourcecode.c.h; name = Reglages.h; path = source/Reglages.h; sourceTree = "<group>"; };
		A7EE67A51BBBDD88000F7FE2 /* ReverseChecker.cpp */ = {isa = PBXFileReference; fileEncoding = 4; lastKnownFileType = sourcecode.cpp.cpp; name = ReverseChecker.cpp; path = source/ReverseChecker.cpp; sourceTree = "<group>"; };
		A7EE67A61BBBDD88000F7FE2 /* ReverseChecker.h */ = {isa = PBXFileReference; fileEncoding = 4; lastKnownFileType = sourcecode.c.h; name = ReverseChecker.h; path = source/ReverseChecker.h; sourceTree = "<group>"; };
		A7EE67A71BBBDD88000F7FE2 /* Styles.cpp */ = {isa = PBXFileReference; fileEncoding = 4; lastKnownFileType = sourcecode.cpp.cpp; name = Styles.cpp; path = source/Styles.cpp; sourceTree = "<group>"; };
		A7EE67A81BBBDD88000F7FE2 /* Styles.h */ = {isa = PBXFileReference; fileEncoding = 4; lastKnownFileType = sourcecode.c.h; name = Styles.h; path = source/Styles.h; sourceTree = "<group>"; };
		A7EE67A91BBBDD88000F7FE2 /* Systeme.cpp */ = {isa = PBXFileReference; fileEncoding = 4; lastKnownFileType = sourcecode.cpp.cpp; name = Systeme.cpp; path = source/Systeme.cpp; sourceTree = "<group>"; };
		A7EE67AA1BBBDD88000F7FE2 /* Systeme.h */ = {isa = PBXFileReference; fileEncoding = 4; lastKnownFileType = sourcecode.c.h; name = Systeme.h; path = source/Systeme.h; sourceTree = "<group>"; };
		A7EE67AB1BBBDD88000F7FE2 /* Tableaux.cpp */ = {isa = PBXFileReference; fileEncoding = 4; lastKnownFileType = sourcecode.cpp.cpp; name = Tableaux.cpp; path = source/Tableaux.cpp; sourceTree = "<group>"; };
		A7EE67AC1BBBDD88000F7FE2 /* Tableaux.h */ = {isa = PBXFileReference; fileEncoding = 4; lastKnownFileType = sourcecode.c.h; name = Tableaux.h; path = source/Tableaux.h; sourceTree = "<group>"; };
		A7EE67AD1BBBDD88000F7FE2 /* TCLError.cpp */ = {isa = PBXFileReference; fileEncoding = 4; lastKnownFileType = sourcecode.cpp.cpp; name = TCLError.cpp; path = source/TCLError.cpp; sourceTree = "<group>"; };
		A7EE67AE1BBBDD88000F7FE2 /* TCLError.h */ = {isa = PBXFileReference; fileEncoding = 4; lastKnownFileType = sourcecode.c.h; name = TCLError.h; path = source/TCLError.h; sourceTree = "<group>"; };
		A7EE67AF1BBBDD88000F7FE2 /* Textes.cpp */ = {isa = PBXFileReference; fileEncoding = 4; lastKnownFileType = sourcecode.cpp.cpp; name = Textes.cpp; path = source/Textes.cpp; sourceTree = "<group>"; };
		A7EE67B01BBBDD88000F7FE2 /* Textes.h */ = {isa = PBXFileReference; fileEncoding = 4; lastKnownFileType = sourcecode.c.h; name = Textes.h; path = source/Textes.h; sourceTree = "<group>"; };
		A7EE67B11BBBDD88000F7FE2 /* Textes2.cpp */ = {isa = PBXFileReference; fileEncoding = 4; lastKnownFileType = sourcecode.cpp.cpp; name = Textes2.cpp; path = source/Textes2.cpp; sourceTree = "<group>"; };
		A7EE67B21BBBDD88000F7FE2 /* Transcoder.cpp */ = {isa = PBXFileReference; fileEncoding = 4; lastKnownFileType = sourcecode.cpp.cpp; name = Transcoder.cpp; path = source/Transcoder.cpp; sourceTree = "<group>"; };
		A7EE67B31BBBDD88000F7FE2 /* Transcoder.h */ = {isa = PBXFileReference; fileEncoding = 4; lastKnownFileType = sourcecode.c.h; name = Transcoder.h; path = source/Transcoder.h; sourceTree = "<group>"; };
		A7EE67B41BBBDD88000F7FE2 /* TriggerResourceDeps.cpp */ = {isa = PBXFileReference; fileEncoding = 4; lastKnownFileType = sourcecode.cpp.cpp; name = TriggerResourceDeps.cpp; path = source/TriggerResourceDeps.cpp; sourceTree = "<group>"; };
		A7EE67B51BBBDD88000F7FE2 /* XPage.cpp */ = {isa = PBXFileReference; fileEncoding = 4; lastKnownFileType = sourcecode.cpp.cpp; name = XPage.cpp; path = source/XPage.cpp; sourceTree = "<group>"; };
		A7EE67B61BBBDD88000F7FE2 /* XPage.h */ = {isa = PBXFileReference; fileEncoding = 4; lastKnownFileType = sourcecode.c.h; name = XPage.h; path = source/XPage.h; sourceTree = "<group>"; };
		A7EE67B71BBBDD88000F7FE2 /* XRail.cpp */ = {isa = PBXFileReference; fileEncoding = 4; lastKnownFileType = sourcecode.cpp.cpp; name = XRail.cpp; path = source/XRail.cpp; sourceTree = "<group>"; };
		A7EE67B81BBBDD88000F7FE2 /* XRail.h */ = {isa = PBXFileReference; fileEncoding = 4; lastKnownFileType = sourcecode.c.h; name = XRail.h; path = source/XRail.h; sourceTree = "<group>"; };
		A7EE67B91BBBDD88000F7FE2 /* XRefs.cpp */ = {isa = PBXFileReference; fileEncoding = 4; lastKnownFileType = sourcecode.cpp.cpp; name = XRefs.cpp; path = source/XRefs.cpp; sourceTree = "<group>"; };
		A7EE67BA1BBBDD88000F7FE2 /* XRefs.h */ = {isa = PBXFileReference; fileEncoding = 4; lastKnownFileType = sourcecode.c.h; name = XRefs.h; path = source/XRefs.h; sourceTree = "<group>"; };
		F957087215C90B3E00C95573 /* Parser.InDesignPlugin */ = {isa = PBXFileReference; explicitFileType = wrapper.framework; includeInIndex = 0; path = Parser.InDesignPlugin; sourceTree = BUILT_PRODUCTS_DIR; };
/* End PBXFileReference section */

/* Begin PBXFrameworksBuildPhase section */
		F957086B15C90B3E00C95573 /* Frameworks */ = {
			isa = PBXFrameworksBuildPhase;
			buildActionMask = 2147483647;
			files = (
				8F63CC0C2732D666001F08A6 /* libPublicPlugIn.a in Frameworks */,
				8F63CC022732D627001F08A6 /* InDesignModelAndUI.framework in Frameworks */,
			);
			runOnlyForDeploymentPostprocessing = 0;
		};
/* End PBXFrameworksBuildPhase section */

/* Begin PBXGroup section */
		4B05EEAD08840E8D00D809E1 = {
			isa = PBXGroup;
			children = (
				4B05EEC708840E8D00D809E1 /* Source */,
				4B05EED008840E9400D809E1 /* Resources */,
				7F52248408AFCE1F00139994 /* xcconfig */,
				F957084215C90B2D00C95573 /* InDesign Libraries */,
				4B05EEBB08840E8D00D809E1 /* Products */,
				8F63CC522732DA67001F08A6 /* Info.plist */,
			);
			sourceTree = "<group>";
		};
		4B05EEBB08840E8D00D809E1 /* Products */ = {
			isa = PBXGroup;
			children = (
				F957087215C90B3E00C95573 /* Parser.InDesignPlugin */,
			);
			name = Products;
			sourceTree = "<group>";
		};
		4B05EEC708840E8D00D809E1 /* Source */ = {
			isa = PBXGroup;
			children = (
				A7EE67381BBBDD88000F7FE2 /* Blocs.cpp */,
				A7EE67391BBBDD88000F7FE2 /* Blocs.h */,
				A7EE673A1BBBDD88000F7FE2 /* Calques.cpp */,
				A7EE673B1BBBDD88000F7FE2 /* Calques.h */,
				A7EE673C1BBBDD88000F7FE2 /* Composer.cpp */,
				A7EE673D1BBBDD88000F7FE2 /* Composer.h */,
				A7EE673E1BBBDD88000F7FE2 /* Divers.cpp */,
				A7EE673F1BBBDD88000F7FE2 /* Divers.h */,
				A7EE67401BBBDD88000F7FE2 /* Divers2.cpp */,
				A7EE67411BBBDD88000F7FE2 /* Docs.cpp */,
				A7EE67421BBBDD88000F7FE2 /* Docs.h */,
				A7EE67431BBBDD88000F7FE2 /* ExportUtils.cpp */,
				A7EE67441BBBDD88000F7FE2 /* ExportUtils.h */,
				A7EE67451BBBDD88000F7FE2 /* GlobalDefs.h */,
				A7EE67461BBBDD88000F7FE2 /* Hyperlinks.cpp */,
				A7EE67471BBBDD88000F7FE2 /* Hyperlinks.h */,
				A7EE67481BBBDD88000F7FE2 /* IEpsDocumentName.h */,
				A7EE67491BBBDD88000F7FE2 /* ILastPermRefsTag.h */,
				A7EE674A1BBBDD88000F7FE2 /* ILastPremRef.h */,
				A7EE674B1BBBDD88000F7FE2 /* IPageMakeUpPrefs.h */,
				A7EE674C1BBBDD88000F7FE2 /* IParserSuite.h */,
				A7EE674D1BBBDD88000F7FE2 /* IPermRefsSuite.h */,
				A7EE674E1BBBDD88000F7FE2 /* IPermRefsTag.h */,
				A7EE674F1BBBDD88000F7FE2 /* IRegistration.h */,
				A7EE67501BBBDD88000F7FE2 /* IReverseTCL.h */,
				A7EE67511BBBDD88000F7FE2 /* ITCLParser.h */,
				A7EE67521BBBDD88000F7FE2 /* ITCLReader.h */,
				A7EE67531BBBDD88000F7FE2 /* ITCLReferencesList.h */,
				A7EE67541BBBDD88000F7FE2 /* ITCLWriter.h */,
				A7EE67551BBBDD88000F7FE2 /* IWideStringData.h */,
				A7EE67561BBBDD88000F7FE2 /* Livres.cpp */,
				A7EE67571BBBDD88000F7FE2 /* Livres.h */,
				A7EE67581BBBDD88000F7FE2 /* Log.cpp */,
				A7EE67591BBBDD88000F7FE2 /* Log.h */,
				A7EE675A1BBBDD88000F7FE2 /* Pages.cpp */,
				A7EE675B1BBBDD88000F7FE2 /* Pages.h */,
				A7EE675C1BBBDD88000F7FE2 /* Paragraphes.cpp */,
				A7EE675D1BBBDD88000F7FE2 /* Paragraphes.h */,
				A7EE675E1BBBDD88000F7FE2 /* ParserPlugIn.cpp */,
				A7EE675F1BBBDD88000F7FE2 /* ParserPlugIn.h */,
				A7EE67611BBBDD88000F7FE2 /* ParserSuiteASB.cpp */,
				A7EE67621BBBDD88000F7FE2 /* ParserSuiteLayoutCSB.cpp */,
				A7EE67631BBBDD88000F7FE2 /* PermRefs.cpp */,
				A7EE67641BBBDD88000F7FE2 /* PermRefs.h */,
				A7EE67651BBBDD88000F7FE2 /* PermRefsSuiteASB.cpp */,
				A7EE67661BBBDD88000F7FE2 /* PermRefsSuiteTextCSB.cpp */,
				A7EE67671BBBDD88000F7FE2 /* PermRefsTag.cpp */,
				A7EE67681BBBDD88000F7FE2 /* PermRefsTag1TextAdornment.cpp */,
				A7EE67691BBBDD88000F7FE2 /* PermRefsTag2TextAdornment.cpp */,
				A7EE676A1BBBDD88000F7FE2 /* PermRefsTagReport.cpp */,
				A7EE676B1BBBDD88000F7FE2 /* PermRefsTagTextAdornment.cpp */,
				A7EE676C1BBBDD88000F7FE2 /* PermRefsTextEditPostProcess.cpp */,
				A7EE676D1BBBDD88000F7FE2 /* PermRefsTextEditPreProcess.cpp */,
				A7EE676E1BBBDD88000F7FE2 /* PermRefsUtils.cpp */,
				A7EE676F1BBBDD88000F7FE2 /* PermRefsUtils.h */,
				A7EE67701BBBDD88000F7FE2 /* PMUTypes.cpp */,
				A7EE67711BBBDD88000F7FE2 /* PMUTypes.h */,
				A7EE67731BBBDD88000F7FE2 /* PrsCustomServiceProvider.cpp */,
				A7EE67741BBBDD88000F7FE2 /* PrsDeleteCleanup.cpp */,
				A7EE67761BBBDD88000F7FE2 /* PrsEnterSerialNumberCmd.cpp */,
				A7EE67771BBBDD88000F7FE2 /* PrsEpsDocumentName.cpp */,
				A7EE67781BBBDD88000F7FE2 /* PrsEpsDocumentNamePersist.cpp */,
				A7EE67791BBBDD88000F7FE2 /* PrsEpsExportPrefs.cpp */,
				A7EE677A1BBBDD88000F7FE2 /* PrsEpsExportPrefsPersist.cpp */,
				A7EE677B1BBBDD88000F7FE2 /* PrsErrorStringService.cpp */,
				A7EE677C1BBBDD88000F7FE2 /* PrsFactoryList.h */,
				A7EE677F1BBBDD88000F7FE2 /* PrsInsertTextCmd.cpp */,
				A7EE67801BBBDD88000F7FE2 /* PrsLastPremRef.cpp */,
				A7EE67811BBBDD88000F7FE2 /* PrsLastPremRefCmd.cpp */,
				A7EE67821BBBDD88000F7FE2 /* PrsLastPremRefPersist.cpp */,
				A7EE67841BBBDD88000F7FE2 /* PrsParserThread.cpp */,
				A7EE67851BBBDD88000F7FE2 /* PrsPasteImportItemObserver.cpp */,
				A7EE67861BBBDD88000F7FE2 /* PrsPreferences.cpp */,
				A7EE67871BBBDD88000F7FE2 /* PrsPreferencesPersist.cpp */,
				A7EE67891BBBDD88000F7FE2 /* PrsRegistration.cpp */,
				A7EE678A1BBBDD88000F7FE2 /* PrsRegistrationPersist.cpp */,
				A7EE678B1BBBDD88000F7FE2 /* PrsRespService.cpp */,
				A7EE678C1BBBDD88000F7FE2 /* PrsReverseTCL.cpp */,
				A7EE678D1BBBDD88000F7FE2 /* PrsScriptingDefs.h */,
				A7EE678E1BBBDD88000F7FE2 /* PrsScriptProvider.cpp */,
				A7EE678F1BBBDD88000F7FE2 /* PrsSerialNumberDialogController.cpp */,
				A7EE67901BBBDD88000F7FE2 /* PrsSetDocEpsExportPrefsCmd.cpp */,
				A7EE67911BBBDD88000F7FE2 /* PrsSetDocPdfExportPrefsCmd.cpp */,
				A7EE67921BBBDD88000F7FE2 /* PrsSetDocTCLReferencesList.cpp */,
				A7EE67931BBBDD88000F7FE2 /* PrsSetImageInfosCmd.cpp */,
				A7EE67941BBBDD88000F7FE2 /* PrsSetPreferencesCmd.cpp */,
				A7EE67951BBBDD88000F7FE2 /* PrsSetRegistrationInfoCmd.cpp */,
				A7EE67961BBBDD88000F7FE2 /* PrsSetTCLRefDataCmd.cpp */,
				A7EE67971BBBDD88000F7FE2 /* PrsSetTOPPositionCmd.cpp */,
				A7EE67981BBBDD88000F7FE2 /* PrsStartupShutdown.cpp */,
				A7EE67991BBBDD88000F7FE2 /* PrsTCLAdornmentShape.cpp */,
				A7EE679A1BBBDD88000F7FE2 /* PrsTCLParser.cpp */,
				A7EE679B1BBBDD88000F7FE2 /* PrsTCLParser.h */,
				A7EE679C1BBBDD88000F7FE2 /* PrsTCLReader.cpp */,
				A7EE679D1BBBDD88000F7FE2 /* PrsTCLReader.h */,
				A7EE679E1BBBDD88000F7FE2 /* PrsTCLReferencesList.cpp */,
				A7EE679F1BBBDD88000F7FE2 /* PrsTCLReferencesListPersist.cpp */,
				A7EE67A01BBBDD88000F7FE2 /* PrsTCLRefScriptProvider.cpp */,
				A7EE67A11BBBDD88000F7FE2 /* PrsTCLWriter.cpp */,
				A7EE67A21BBBDD88000F7FE2 /* PrsWideStringData.cpp */,
				A7EE67A31BBBDD88000F7FE2 /* Reglages.cpp */,
				A7EE67A41BBBDD88000F7FE2 /* Reglages.h */,
				A7EE67A51BBBDD88000F7FE2 /* ReverseChecker.cpp */,
				A7EE67A61BBBDD88000F7FE2 /* ReverseChecker.h */,
				A7EE67A71BBBDD88000F7FE2 /* Styles.cpp */,
				A7EE67A81BBBDD88000F7FE2 /* Styles.h */,
				A7EE67A91BBBDD88000F7FE2 /* Systeme.cpp */,
				A7EE67AA1BBBDD88000F7FE2 /* Systeme.h */,
				A7EE67AB1BBBDD88000F7FE2 /* Tableaux.cpp */,
				A7EE67AC1BBBDD88000F7FE2 /* Tableaux.h */,
				A7EE67AD1BBBDD88000F7FE2 /* TCLError.cpp */,
				A7EE67AE1BBBDD88000F7FE2 /* TCLError.h */,
				A7EE67AF1BBBDD88000F7FE2 /* Textes.cpp */,
				A7EE67B01BBBDD88000F7FE2 /* Textes.h */,
				A7EE67B11BBBDD88000F7FE2 /* Textes2.cpp */,
				A7EE67B21BBBDD88000F7FE2 /* Transcoder.cpp */,
				A7EE67B31BBBDD88000F7FE2 /* Transcoder.h */,
				A7EE67B41BBBDD88000F7FE2 /* TriggerResourceDeps.cpp */,
				A7EE67B51BBBDD88000F7FE2 /* XPage.cpp */,
				A7EE67B61BBBDD88000F7FE2 /* XPage.h */,
				A7EE67B71BBBDD88000F7FE2 /* XRail.cpp */,
				A7EE67B81BBBDD88000F7FE2 /* XRail.h */,
				A7EE67B91BBBDD88000F7FE2 /* XRefs.cpp */,
				A7EE67BA1BBBDD88000F7FE2 /* XRefs.h */,
				4B05EECB08840E9100D809E1 /* Plugin */,
			);
			name = Source;
			sourceTree = "<group>";
		};
		4B05EECB08840E9100D809E1 /* Plugin */ = {
			isa = PBXGroup;
			children = (
				8F63CBD92732D3C6001F08A6 /* SDKFileHelper.cpp */,
				8F63CBDA2732D3C6001F08A6 /* SDKLayoutHelper.cpp */,
				8F63CBDB2732D3C6001F08A6 /* SDKPlugInEntrypoint.cpp */,
				8F63CC402732D862001F08A6 /* PrsID.cpp */,
				8F63CC3F2732D862001F08A6 /* PrsID.h */,
				8F63CC3E2732D862001F08A6 /* PrsNoStrip.cpp */,
			);
			name = Plugin;
			sourceTree = "<group>";
		};
		4B05EED008840E9400D809E1 /* Resources */ = {
			isa = PBXGroup;
			children = (
				8F63CC3C2732D831001F08A6 /* Prs.fr */,
			);
			name = Resources;
			sourceTree = "<group>";
		};
		7F52248408AFCE1F00139994 /* xcconfig */ = {
			isa = PBXGroup;
			children = (
				7FE5845A08AD6DB8007DB654 /* ParserPlugin.xcconfig */,
				77D687F4113861B500D56A9C /* ParserPlugin_release.xcconfig */,
			);
			name = xcconfig;
			sourceTree = "<group>";
		};
		F957084215C90B2D00C95573 /* InDesign Libraries */ = {
			isa = PBXGroup;
			children = (
				F957084915C90B2D00C95573 /* For Cocoa64 */,
			);
			name = "InDesign Libraries";
			sourceTree = "<group>";
		};
		F957084915C90B2D00C95573 /* For Cocoa64 */ = {
			isa = PBXGroup;
			children = (
				8F63CC012732D627001F08A6 /* InDesignModelAndUI.framework */,
				8F63CC0B2732D666001F08A6 /* libPublicPlugIn.a */,
				F957084A15C90B2D00C95573 /* Debug */,
			);
			name = "For Cocoa64";
			sourceTree = "<group>";
		};
		F957084A15C90B2D00C95573 /* Debug */ = {
			isa = PBXGroup;
			children = (
				8F63CC1D2732D6D0001F08A6 /* InDesignModelAndUI.framework */,
				8F63CC1B2732D6C9001F08A6 /* libPublicPlugIn.a */,
			);
			name = Debug;
			sourceTree = "<group>";
		};
/* End PBXGroup section */

/* Begin PBXNativeTarget section */
		F957086215C90B3E00C95573 /* Release_Cocoa64 */ = {
			isa = PBXNativeTarget;
			buildConfigurationList = F957087015C90B3E00C95573 /* Build configuration list for PBXNativeTarget "Release_Cocoa64" */;
			buildPhases = (
				F957086315C90B3E00C95573 /* Sources */,
				F957086B15C90B3E00C95573 /* Frameworks */,
				F957086C15C90B3E00C95573 /* Rez */,
				F957086D15C90B3E00C95573 /* Resources */,
				F957086E15C90B3E00C95573 /* ShellScript */,
			);
			buildRules = (
				F957086F15C90B3E00C95573 /* PBXBuildRule */,
			);
			dependencies = (
			);
			name = Release_Cocoa64;
			productName = Release;
			productReference = F957087215C90B3E00C95573 /* Parser.InDesignPlugin */;
			productType = "com.apple.product-type.framework";
		};
/* End PBXNativeTarget section */

/* Begin PBXProject section */
		4B05EEAF08840E8D00D809E1 /* Project object */ = {
			isa = PBXProject;
			attributes = {
				BuildIndependentTargetsInParallel = YES;
				LastUpgradeCheck = 1620;
				TargetAttributes = {
					F957086215C90B3E00C95573 = {
						ProvisioningStyle = Manual;
					};
				};
			};
			buildConfigurationList = 4B05EEB008840E8D00D809E1 /* Build configuration list for PBXProject "Parser" */;
			compatibilityVersion = "Xcode 3.2";
			developmentRegion = en;
			hasScannedForEncodings = 0;
			knownRegions = (
				fr,
				de,
				ja,
				en,
				Base,
			);
			mainGroup = 4B05EEAD08840E8D00D809E1;
			productRefGroup = 4B05EEBB08840E8D00D809E1 /* Products */;
			projectDirPath = "";
			projectRoot = "";
			targets = (
				F957086215C90B3E00C95573 /* Release_Cocoa64 */,
			);
		};
/* End PBXProject section */

/* Begin PBXResourcesBuildPhase section */
		F957086D15C90B3E00C95573 /* Resources */ = {
			isa = PBXResourcesBuildPhase;
			buildActionMask = 2147483647;
			files = (
			);
			runOnlyForDeploymentPostprocessing = 0;
		};
/* End PBXResourcesBuildPhase section */

/* Begin PBXRezBuildPhase section */
		F957086C15C90B3E00C95573 /* Rez */ = {
			isa = PBXRezBuildPhase;
			buildActionMask = 2147483647;
			files = (
			);
			runOnlyForDeploymentPostprocessing = 0;
		};
/* End PBXRezBuildPhase section */

/* Begin PBXShellScriptBuildPhase section */
		F957086E15C90B3E00C95573 /* ShellScript */ = {
			isa = PBXShellScriptBuildPhase;
			buildActionMask = 2147483647;
			files = (
			);
			inputPaths = (
			);
			outputPaths = (
			);
			runOnlyForDeploymentPostprocessing = 0;
			shellPath = /bin/sh;
			shellScript = "\"$ID_SDK_ROOT/build/mac/packagescripts/copyResources.sh\"";
			showEnvVarsInLog = 0;
		};
/* End PBXShellScriptBuildPhase section */

/* Begin PBXSourcesBuildPhase section */
		F957086315C90B3E00C95573 /* Sources */ = {
			isa = PBXSourcesBuildPhase;
			buildActionMask = 2147483647;
			files = (
				9B33EAAB2D0C39460063D503 /* Prs.fr in Sources */,
				A7EE68281BBBDD88000F7FE2 /* PrsSerialNumberDialogController.cpp in Sources */,
				A7EE680C1BBBDD88000F7FE2 /* PrsLastPremRef.cpp in Sources */,
				A7EE67C21BBBDD88000F7FE2 /* Divers.cpp in Sources */,
				A7EE68061BBBDD88000F7FE2 /* PrsErrorStringService.cpp in Sources */,
				A7EE684E1BBBDD88000F7FE2 /* ReverseChecker.cpp in Sources */,
				A7EE681E1BBBDD88000F7FE2 /* PrsRegistration.cpp in Sources */,
				A7EE682E1BBBDD88000F7FE2 /* PrsSetDocTCLReferencesList.cpp in Sources */,
				A7EE67CA1BBBDD88000F7FE2 /* Hyperlinks.cpp in Sources */,
				A7EE684C1BBBDD88000F7FE2 /* Reglages.cpp in Sources */,
				A7EE67EE1BBBDD88000F7FE2 /* PermRefsTextEditPreProcess.cpp in Sources */,
				A7EE68021BBBDD88000F7FE2 /* PrsEpsExportPrefs.cpp in Sources */,
				A7EE68401BBBDD88000F7FE2 /* PrsTCLReader.cpp in Sources */,
				A7EE67C41BBBDD88000F7FE2 /* Divers2.cpp in Sources */,
				A7EE67D01BBBDD88000F7FE2 /* Pages.cpp in Sources */,
				A7EE685A1BBBDD88000F7FE2 /* Textes2.cpp in Sources */,
				A7EE683E1BBBDD88000F7FE2 /* PrsTCLParser.cpp in Sources */,
				A7EE68101BBBDD88000F7FE2 /* PrsLastPremRefPersist.cpp in Sources */,
				A7EE68461BBBDD88000F7FE2 /* PrsTCLRefScriptProvider.cpp in Sources */,
				A7EE68481BBBDD88000F7FE2 /* PrsTCLWriter.cpp in Sources */,
				A7EE67DA1BBBDD88000F7FE2 /* ParserSuiteLayoutCSB.cpp in Sources */,
				A7EE68561BBBDD88000F7FE2 /* TCLError.cpp in Sources */,
				A7EE67DC1BBBDD88000F7FE2 /* PermRefs.cpp in Sources */,
				A7EE68441BBBDD88000F7FE2 /* PrsTCLReferencesListPersist.cpp in Sources */,
				A7EE68221BBBDD88000F7FE2 /* PrsRespService.cpp in Sources */,
				A7EE68001BBBDD88000F7FE2 /* PrsEpsDocumentNamePersist.cpp in Sources */,
				A7EE68601BBBDD88000F7FE2 /* XPage.cpp in Sources */,
				A7EE68421BBBDD88000F7FE2 /* PrsTCLReferencesList.cpp in Sources */,
				A7EE67E81BBBDD88000F7FE2 /* PermRefsTagReport.cpp in Sources */,
				A7EE67C81BBBDD88000F7FE2 /* ExportUtils.cpp in Sources */,
				A7EE68341BBBDD88000F7FE2 /* PrsSetRegistrationInfoCmd.cpp in Sources */,
				A7EE67DE1BBBDD88000F7FE2 /* PermRefsSuiteASB.cpp in Sources */,
				A7EE67F21BBBDD88000F7FE2 /* PMUTypes.cpp in Sources */,
				A7EE67F61BBBDD88000F7FE2 /* PrsCustomServiceProvider.cpp in Sources */,
				8F63CBDE2732D3C6001F08A6 /* SDKPlugInEntrypoint.cpp in Sources */,
				A7EE685C1BBBDD88000F7FE2 /* Transcoder.cpp in Sources */,
				A7EE680E1BBBDD88000F7FE2 /* PrsLastPremRefCmd.cpp in Sources */,
				A7EE683C1BBBDD88000F7FE2 /* PrsTCLAdornmentShape.cpp in Sources */,
				A7EE68361BBBDD88000F7FE2 /* PrsSetTCLRefDataCmd.cpp in Sources */,
				A7EE685E1BBBDD88000F7FE2 /* TriggerResourceDeps.cpp in Sources */,
				A7EE67D21BBBDD88000F7FE2 /* Paragraphes.cpp in Sources */,
				A7EE67E41BBBDD88000F7FE2 /* PermRefsTag1TextAdornment.cpp in Sources */,
				A7EE68261BBBDD88000F7FE2 /* PrsScriptProvider.cpp in Sources */,
				A7EE684A1BBBDD88000F7FE2 /* PrsWideStringData.cpp in Sources */,
				A7EE68501BBBDD88000F7FE2 /* Styles.cpp in Sources */,
				A7EE681A1BBBDD88000F7FE2 /* PrsPreferencesPersist.cpp in Sources */,
				A7EE682A1BBBDD88000F7FE2 /* PrsSetDocEpsExportPrefsCmd.cpp in Sources */,
				A7EE68541BBBDD88000F7FE2 /* Tableaux.cpp in Sources */,
				A7EE68321BBBDD88000F7FE2 /* PrsSetPreferencesCmd.cpp in Sources */,
				A7EE68201BBBDD88000F7FE2 /* PrsRegistrationPersist.cpp in Sources */,
				A7EE67E61BBBDD88000F7FE2 /* PermRefsTag2TextAdornment.cpp in Sources */,
				A7EE67C01BBBDD88000F7FE2 /* Composer.cpp in Sources */,
				A7EE67BE1BBBDD88000F7FE2 /* Calques.cpp in Sources */,
				A7EE67E21BBBDD88000F7FE2 /* PermRefsTag.cpp in Sources */,
				A7EE67EA1BBBDD88000F7FE2 /* PermRefsTagTextAdornment.cpp in Sources */,
				A7EE68301BBBDD88000F7FE2 /* PrsSetImageInfosCmd.cpp in Sources */,
				A7EE68521BBBDD88000F7FE2 /* Systeme.cpp in Sources */,
				8F63CBDD2732D3C6001F08A6 /* SDKLayoutHelper.cpp in Sources */,
				A7EE68161BBBDD88000F7FE2 /* PrsPasteImportItemObserver.cpp in Sources */,
				A7EE683A1BBBDD88000F7FE2 /* PrsStartupShutdown.cpp in Sources */,
				A7EE67EC1BBBDD88000F7FE2 /* PermRefsTextEditPostProcess.cpp in Sources */,
				A7EE67D81BBBDD88000F7FE2 /* ParserSuiteASB.cpp in Sources */,
				A7EE68041BBBDD88000F7FE2 /* PrsEpsExportPrefsPersist.cpp in Sources */,
				8F63CC422732D862001F08A6 /* PrsID.cpp in Sources */,
				A7EE67C61BBBDD88000F7FE2 /* Docs.cpp in Sources */,
				A7EE67CE1BBBDD88000F7FE2 /* Log.cpp in Sources */,
				8F63CBDC2732D3C6001F08A6 /* SDKFileHelper.cpp in Sources */,
				A7EE67E01BBBDD88000F7FE2 /* PermRefsSuiteTextCSB.cpp in Sources */,
				A7EE67F81BBBDD88000F7FE2 /* PrsDeleteCleanup.cpp in Sources */,
				A7EE67F01BBBDD88000F7FE2 /* PermRefsUtils.cpp in Sources */,
				A7EE68581BBBDD88000F7FE2 /* Textes.cpp in Sources */,
				A7EE67FC1BBBDD88000F7FE2 /* PrsEnterSerialNumberCmd.cpp in Sources */,
				A7EE67D41BBBDD88000F7FE2 /* ParserPlugIn.cpp in Sources */,
				A7EE67FE1BBBDD88000F7FE2 /* PrsEpsDocumentName.cpp in Sources */,
				A7EE68241BBBDD88000F7FE2 /* PrsReverseTCL.cpp in Sources */,
				8F63CC412732D862001F08A6 /* PrsNoStrip.cpp in Sources */,
				A7EE68181BBBDD88000F7FE2 /* PrsPreferences.cpp in Sources */,
				A7EE68381BBBDD88000F7FE2 /* PrsSetTOPPositionCmd.cpp in Sources */,
				A7EE67BC1BBBDD88000F7FE2 /* Blocs.cpp in Sources */,
				A7EE68141BBBDD88000F7FE2 /* PrsParserThread.cpp in Sources */,
				A7EE67CC1BBBDD88000F7FE2 /* Livres.cpp in Sources */,
				A7EE680A1BBBDD88000F7FE2 /* PrsInsertTextCmd.cpp in Sources */,
				A7EE68621BBBDD88000F7FE2 /* XRail.cpp in Sources */,
				A7EE682C1BBBDD88000F7FE2 /* PrsSetDocPdfExportPrefsCmd.cpp in Sources */,
				A7EE68641BBBDD88000F7FE2 /* XRefs.cpp in Sources */,
			);
			runOnlyForDeploymentPostprocessing = 0;
		};
/* End PBXSourcesBuildPhase section */

/* Begin XCBuildConfiguration section */
		4B05EEB108840E8D00D809E1 /* Default */ = {
			isa = XCBuildConfiguration;
			baseConfigurationReference = 7FE5845A08AD6DB8007DB654 /* ParserPlugin.xcconfig */;
			buildSettings = {
				BUILT_PRODUCTS_DIR = "$(ID_BUILT_SDK_SAMPLES_DIR)";
				CLANG_ANALYZER_LOCALIZABILITY_NONLOCALIZED = YES;
				CLANG_WARN_BLOCK_CAPTURE_AUTORELEASING = YES;
				CLANG_WARN_COMMA = NO;
				CLANG_WARN_DEPRECATED_OBJC_IMPLEMENTATIONS = YES;
				CLANG_WARN_INFINITE_RECURSION = YES;
				CLANG_WARN_NON_LITERAL_NULL_CONVERSION = YES;
				CLANG_WARN_OBJC_IMPLICIT_RETAIN_SELF = YES;
				CLANG_WARN_OBJC_LITERAL_CONVERSION = YES;
				CLANG_WARN_QUOTED_INCLUDE_IN_FRAMEWORK_HEADER = YES;
				CLANG_WARN_RANGE_LOOP_ANALYSIS = YES;
				CLANG_WARN_STRICT_PROTOTYPES = YES;
				CLANG_WARN_SUSPICIOUS_MOVE = YES;
				CLANG_WARN_UNREACHABLE_CODE = YES;
				ENABLE_STRICT_OBJC_MSGSEND = YES;
				ENABLE_USER_SCRIPT_SANDBOXING = YES;
				GCC_NO_COMMON_BLOCKS = YES;
				GCC_WARN_64_TO_32_BIT_CONVERSION = YES;
				"GCC_WARN_64_TO_32_BIT_CONVERSION[arch=*64]" = NO;
				GCC_WARN_UNDECLARED_SELECTOR = YES;
				GCC_WARN_UNUSED_PARAMETER = YES;
				HEADER_SEARCH_PATHS = (
					"$(HEADER_SEARCH_PATHS)",
					$ID_SDK_ROOT/source/public/interfaces/tables,
					$ID_SDK_ROOT/source/public/components/widgetbin/includes,
					$ID_SDK_ROOT/source/public/interfaces/workgroup,
					$ID_SDK_ROOT/source/public/interfaces/interactive,
					$ID_SDK_ROOT/source/public/interfaces/interactive/ui,
					$ID_SDK_ROOT/source/public/interfaces/colormgmt,
					$ID_SDK_ROOT/source/public/interfaces/incopy,
					$ID_SDK_ROOT/source/public/interfaces/cjk,
					$ID_SDK_ROOT/source/public/facades/graphics,
					$ID_SDK_ROOT/source/public/facades/text,
					$ID_SDK_ROOT/source/public/facades/layout,
					$ID_SDK_ROOT/source/public/components/publiclib/plugins,
					$ID_SDK_ROOT/source/public/components/publiclib/files,
					$ID_SDK_ROOT/source/public/components/publiclib/objectmodel,
					$ID_SDK_ROOT/source/sdksamples/common,
					$ID_SDK_ROOT/external/afl/includes,
					/Users/melody/deve/InDesign/Sources/CC2025/PageMakeUp_GEDIMAT/parser/source,
				);
				INFOPLIST_FILE = $ID_SDK_ROOT/source/sdksamples/common/Info.plist;
				INFOPLIST_PREPROCESS = YES;
				PLC_OUTPUT_TYPE = InDa;
				PRODUCT_NAME = Parser;
			};
			name = Default;
		};
		F957087115C90B3E00C95573 /* Default */ = {
			isa = XCBuildConfiguration;
			baseConfigurationReference = 77D687F4113861B500D56A9C /* ParserPlugin_release.xcconfig */;
			buildSettings = {
				CLANG_ENABLE_OBJC_WEAK = YES;
				CODE_SIGN_IDENTITY = "Apple Development";
				CODE_SIGN_STYLE = Manual;
				DEVELOPMENT_TEAM = 3WBLWC32YG;
				"DEVELOPMENT_TEAM[sdk=macosx*]" = "";
				ENABLE_USER_SCRIPT_SANDBOXING = NO;
				FRAMEWORK_SEARCH_PATHS = (
					"$(inherited)",
					$ID_SDK_ROOT/build/mac/release_cocoa64/packagefolder/contents/macos,
				);
				GCC_TREAT_WARNINGS_AS_ERRORS = NO;
				HEADER_SEARCH_PATHS = (
					"$(HEADER_SEARCH_PATHS)",
					$ID_SDK_ROOT/source/precomp/msvc,
					$ID_SDK_ROOT/source/public/interfaces/xmedia,
					$ID_SDK_ROOT/source/public/interfaces/preflight,
					$ID_SDK_ROOT/source/public/interfaces/ui,
					$ID_SDK_ROOT/source/public/interfaces/tables,
					$ID_SDK_ROOT/source/public/interfaces/text,
					$ID_SDK_ROOT/source/public/interfaces/graphics,
					$ID_SDK_ROOT/source/public/components/widgetbin/includes,
					$ID_SDK_ROOT/source/public/interfaces/workgroup,
					$ID_SDK_ROOT/source/public/interfaces/interactive,
					$ID_SDK_ROOT/source/public/interfaces/interactive/ui,
					$ID_SDK_ROOT/source/public/interfaces/colormgmt,
					$ID_SDK_ROOT/source/public/interfaces/utils,
					$ID_SDK_ROOT/source/public/interfaces/incopy,
					$ID_SDK_ROOT/source/public/interfaces/layout,
					$ID_SDK_ROOT/source/public/interfaces/architecture,
					$ID_SDK_ROOT/source/public/interfaces/cjk,
					$ID_SDK_ROOT/source/precomp/common,
					$ID_SDK_ROOT/source/public/includes,
					$ID_SDK_ROOT/source/public/facades/graphics,
					$ID_SDK_ROOT/source/public/facades/text,
					$ID_SDK_ROOT/source/public/facades/layout,
					$ID_SDK_ROOT/source/public/components/publiclib/plugins,
					$ID_SDK_ROOT/source/public/components/publiclib/files,
					$ID_SDK_ROOT/source/public/components/publiclib/objectmodel,
					$ID_SDK_ROOT/source/sdksamples/common,
					$ID_SDK_ROOT/external/afl/includes,
					$ID_SDK_ROOT/external/asl/boost_libraries,
					$ID_SDK_ROOT/external/asl/adobe_source_libraries,
					$ID_SDK_ROOT/external/asl/intel_tbb_libraries/include,
					$ID_SDK_ROOT/external/icu/include,
					$ID_SDK_ROOT/external/dva/third_party/boost_libraries,
					$ID_SDK_ROOT/external/dva/third_party/adobe_source_libraries,
					source,
					../../XRail/XRail/source,
					../../XPage/Core/source,
					../doclib/source,
					../textlib/source,
					../framelib/source,
					../pagelib/source,
				);
				LIBRARY_SEARCH_PATHS = (
					"$(inherited)",
					$ID_SDK_ROOT/build/mac/release_cocoa64/packagefolder/contents/macos,
				);
				MACOSX_DEPLOYMENT_TARGET = 12.0;
				OTHER_LDFLAGS = (
					"-Xlinker",
					"-no_data_in_code_info",
					"-ld_classic",
				);
				PROVISIONING_PROFILE_SPECIFIER = "";
				REZ_SEARCH_PATHS = (
					"$(ID_COMMON_REZ_SEARCH_PATHS)",
					"$(ID_SDK_ROOT)/external/palettes",
					"$(ID_SDK_ROOT)/external/workflow",
					icons,
					source,
				);
				SDKROOT = macosx;
			};
			name = Default;
		};
/* End XCBuildConfiguration section */

/* Begin XCConfigurationList section */
		4B05EEB008840E8D00D809E1 /* Build configuration list for PBXProject "Parser" */ = {
			isa = XCConfigurationList;
			buildConfigurations = (
				4B05EEB108840E8D00D809E1 /* Default */,
			);
			defaultConfigurationIsVisible = 1;
			defaultConfigurationName = Default;
		};
		F957087015C90B3E00C95573 /* Build configuration list for PBXNativeTarget "Release_Cocoa64" */ = {
			isa = XCConfigurationList;
			buildConfigurations = (
				F957087115C90B3E00C95573 /* Default */,
			);
			defaultConfigurationIsVisible = 0;
			defaultConfigurationName = Default;
		};
/* End XCConfigurationList section */
	};
	rootObject = 4B05EEAF08840E8D00D809E1 /* Project object */;
}
